// !$*UTF8*$!
{
	archiveVersion = 1;
	classes = {
	};
	objectVersion = 50;
	objects = {

/* Begin PBXBuildFile section */
		D970AD5C261C4BA100E7DA98 /* AppDelegate.swift in Sources */ = {isa = PBXBuildFile; fileRef = D970AD5B261C4BA100E7DA98 /* AppDelegate.swift */; };
		D970AD5E261C4BA100E7DA98 /* SceneDelegate.swift in Sources */ = {isa = PBXBuildFile; fileRef = D970AD5D261C4BA100E7DA98 /* SceneDelegate.swift */; };
		D970AD63261C4BA100E7DA98 /* Main.storyboard in Resources */ = {isa = PBXBuildFile; fileRef = D970AD61261C4BA100E7DA98 /* Main.storyboard */; };
		D970AD65261C4BA100E7DA98 /* Assets.xcassets in Resources */ = {isa = PBXBuildFile; fileRef = D970AD64261C4BA100E7DA98 /* Assets.xcassets */; };
		D970AD68261C4BA100E7DA98 /* LaunchScreen.storyboard in Resources */ = {isa = PBXBuildFile; fileRef = D970AD66261C4BA100E7DA98 /* LaunchScreen.storyboard */; };
		D970AD73261C4BA100E7DA98 /* WorldTrotterTests.swift in Sources */ = {isa = PBXBuildFile; fileRef = D970AD72261C4BA100E7DA98 /* WorldTrotterTests.swift */; };
		D970AD7E261C4BA100E7DA98 /* WorldTrotterUITests.swift in Sources */ = {isa = PBXBuildFile; fileRef = D970AD7D261C4BA100E7DA98 /* WorldTrotterUITests.swift */; };
		D970AD9B261D58FE00E7DA98 /* ConversionViewController.swift in Sources */ = {isa = PBXBuildFile; fileRef = D970AD9A261D58FE00E7DA98 /* ConversionViewController.swift */; };
/* End PBXBuildFile section */

/* Begin PBXContainerItemProxy section */
		D970AD6F261C4BA100E7DA98 /* PBXContainerItemProxy */ = {
			isa = PBXContainerItemProxy;
			containerPortal = D970AD50261C4BA100E7DA98 /* Project object */;
			proxyType = 1;
			remoteGlobalIDString = D970AD57261C4BA100E7DA98;
			remoteInfo = WorldTrotter;
		};
		D970AD7A261C4BA100E7DA98 /* PBXContainerItemProxy */ = {
			isa = PBXContainerItemProxy;
			containerPortal = D970AD50261C4BA100E7DA98 /* Project object */;
			proxyType = 1;
			remoteGlobalIDString = D970AD57261C4BA100E7DA98;
			remoteInfo = WorldTrotter;
		};
/* End PBXContainerItemProxy section */

/* Begin PBXFileReference section */
		D970AD58261C4BA100E7DA98 /* WorldTrotter.app */ = {isa = PBXFileReference; explicitFileType = wrapper.application; includeInIndex = 0; path = WorldTrotter.app; sourceTree = BUILT_PRODUCTS_DIR; };
		D970AD5B261C4BA100E7DA98 /* AppDelegate.swift */ = {isa = PBXFileReference; lastKnownFileType = sourcecode.swift; path = AppDelegate.swift; sourceTree = "<group>"; };
		D970AD5D261C4BA100E7DA98 /* SceneDelegate.swift */ = {isa = PBXFileReference; lastKnownFileType = sourcecode.swift; path = SceneDelegate.swift; sourceTree = "<group>"; };
		D970AD62261C4BA100E7DA98 /* Base */ = {isa = PBXFileReference; lastKnownFileType = file.storyboard; name = Base; path = Base.lproj/Main.storyboard; sourceTree = "<group>"; };
		D970AD64261C4BA100E7DA98 /* Assets.xcassets */ = {isa = PBXFileReference; lastKnownFileType = folder.assetcatalog; path = Assets.xcassets; sourceTree = "<group>"; };
		D970AD67261C4BA100E7DA98 /* Base */ = {isa = PBXFileReference; lastKnownFileType = file.storyboard; name = Base; path = Base.lproj/LaunchScreen.storyboard; sourceTree = "<group>"; };
		D970AD69261C4BA100E7DA98 /* Info.plist */ = {isa = PBXFileReference; lastKnownFileType = text.plist.xml; path = Info.plist; sourceTree = "<group>"; };
		D970AD6E261C4BA100E7DA98 /* WorldTrotterTests.xctest */ = {isa = PBXFileReference; explicitFileType = wrapper.cfbundle; includeInIndex = 0; path = WorldTrotterTests.xctest; sourceTree = BUILT_PRODUCTS_DIR; };
		D970AD72261C4BA100E7DA98 /* WorldTrotterTests.swift */ = {isa = PBXFileReference; lastKnownFileType = sourcecode.swift; path = WorldTrotterTests.swift; sourceTree = "<group>"; };
		D970AD74261C4BA100E7DA98 /* Info.plist */ = {isa = PBXFileReference; lastKnownFileType = text.plist.xml; path = Info.plist; sourceTree = "<group>"; };
		D970AD79261C4BA100E7DA98 /* WorldTrotterUITests.xctest */ = {isa = PBXFileReference; explicitFileType = wrapper.cfbundle; includeInIndex = 0; path = WorldTrotterUITests.xctest; sourceTree = BUILT_PRODUCTS_DIR; };
		D970AD7D261C4BA100E7DA98 /* WorldTrotterUITests.swift */ = {isa = PBXFileReference; lastKnownFileType = sourcecode.swift; path = WorldTrotterUITests.swift; sourceTree = "<group>"; };
		D970AD7F261C4BA200E7DA98 /* Info.plist */ = {isa = PBXFileReference; lastKnownFileType = text.plist.xml; path = Info.plist; sourceTree = "<group>"; };
		D970AD9A261D58FE00E7DA98 /* ConversionViewController.swift */ = {isa = PBXFileReference; lastKnownFileType = sourcecode.swift; path = ConversionViewController.swift; sourceTree = "<group>"; };
/* End PBXFileReference section */

/* Begin PBXFrameworksBuildPhase section */
		D970AD55261C4BA100E7DA98 /* Frameworks */ = {
			isa = PBXFrameworksBuildPhase;
			buildActionMask = 2147483647;
			files = (
			);
			runOnlyForDeploymentPostprocessing = 0;
		};
		D970AD6B261C4BA100E7DA98 /* Frameworks */ = {
			isa = PBXFrameworksBuildPhase;
			buildActionMask = 2147483647;
			files = (
			);
			runOnlyForDeploymentPostprocessing = 0;
		};
		D970AD76261C4BA100E7DA98 /* Frameworks */ = {
			isa = PBXFrameworksBuildPhase;
			buildActionMask = 2147483647;
			files = (
			);
			runOnlyForDeploymentPostprocessing = 0;
		};
/* End PBXFrameworksBuildPhase section */

/* Begin PBXGroup section */
		D970AD4F261C4BA100E7DA98 = {
			isa = PBXGroup;
			children = (
				D970AD5A261C4BA100E7DA98 /* WorldTrotter */,
				D970AD71261C4BA100E7DA98 /* WorldTrotterTests */,
				D970AD7C261C4BA100E7DA98 /* WorldTrotterUITests */,
				D970AD59261C4BA100E7DA98 /* Products */,
			);
			sourceTree = "<group>";
		};
		D970AD59261C4BA100E7DA98 /* Products */ = {
			isa = PBXGroup;
			children = (
				D970AD58261C4BA100E7DA98 /* WorldTrotter.app */,
				D970AD6E261C4BA100E7DA98 /* WorldTrotterTests.xctest */,
				D970AD79261C4BA100E7DA98 /* WorldTrotterUITests.xctest */,
			);
			name = Products;
			sourceTree = "<group>";
		};
		D970AD5A261C4BA100E7DA98 /* WorldTrotter */ = {
			isa = PBXGroup;
			children = (
				D970AD5B261C4BA100E7DA98 /* AppDelegate.swift */,
				D970AD5D261C4BA100E7DA98 /* SceneDelegate.swift */,
				D970AD61261C4BA100E7DA98 /* Main.storyboard */,
				D970AD64261C4BA100E7DA98 /* Assets.xcassets */,
				D970AD66261C4BA100E7DA98 /* LaunchScreen.storyboard */,
				D970AD69261C4BA100E7DA98 /* Info.plist */,
				D970AD9A261D58FE00E7DA98 /* ConversionViewController.swift */,
			);
			path = WorldTrotter;
			sourceTree = "<group>";
		};
		D970AD71261C4BA100E7DA98 /* WorldTrotterTests */ = {
			isa = PBXGroup;
			children = (
				D970AD72261C4BA100E7DA98 /* WorldTrotterTests.swift */,
				D970AD74261C4BA100E7DA98 /* Info.plist */,
			);
			path = WorldTrotterTests;
			sourceTree = "<group>";
		};
		D970AD7C261C4BA100E7DA98 /* WorldTrotterUITests */ = {
			isa = PBXGroup;
			children = (
				D970AD7D261C4BA100E7DA98 /* WorldTrotterUITests.swift */,
				D970AD7F261C4BA200E7DA98 /* Info.plist */,
			);
			path = WorldTrotterUITests;
			sourceTree = "<group>";
		};
/* End PBXGroup section */

/* Begin PBXNativeTarget section */
		D970AD57261C4BA100E7DA98 /* WorldTrotter */ = {
			isa = PBXNativeTarget;
			buildConfigurationList = D970AD82261C4BA200E7DA98 /* Build configuration list for PBXNativeTarget "WorldTrotter" */;
			buildPhases = (
				D970AD54261C4BA100E7DA98 /* Sources */,
				D970AD55261C4BA100E7DA98 /* Frameworks */,
				D970AD56261C4BA100E7DA98 /* Resources */,
			);
			buildRules = (
			);
			dependencies = (
			);
			name = WorldTrotter;
			productName = WorldTrotter;
			productReference = D970AD58261C4BA100E7DA98 /* WorldTrotter.app */;
			productType = "com.apple.product-type.application";
		};
		D970AD6D261C4BA100E7DA98 /* WorldTrotterTests */ = {
			isa = PBXNativeTarget;
			buildConfigurationList = D970AD85261C4BA200E7DA98 /* Build configuration list for PBXNativeTarget "WorldTrotterTests" */;
			buildPhases = (
				D970AD6A261C4BA100E7DA98 /* Sources */,
				D970AD6B261C4BA100E7DA98 /* Frameworks */,
				D970AD6C261C4BA100E7DA98 /* Resources */,
			);
			buildRules = (
			);
			dependencies = (
				D970AD70261C4BA100E7DA98 /* PBXTargetDependency */,
			);
			name = WorldTrotterTests;
			productName = WorldTrotterTests;
			productReference = D970AD6E261C4BA100E7DA98 /* WorldTrotterTests.xctest */;
			productType = "com.apple.product-type.bundle.unit-test";
		};
		D970AD78261C4BA100E7DA98 /* WorldTrotterUITests */ = {
			isa = PBXNativeTarget;
			buildConfigurationList = D970AD88261C4BA200E7DA98 /* Build configuration list for PBXNativeTarget "WorldTrotterUITests" */;
			buildPhases = (
				D970AD75261C4BA100E7DA98 /* Sources */,
				D970AD76261C4BA100E7DA98 /* Frameworks */,
				D970AD77261C4BA100E7DA98 /* Resources */,
			);
			buildRules = (
			);
			dependencies = (
				D970AD7B261C4BA100E7DA98 /* PBXTargetDependency */,
			);
			name = WorldTrotterUITests;
			productName = WorldTrotterUITests;
			productReference = D970AD79261C4BA100E7DA98 /* WorldTrotterUITests.xctest */;
			productType = "com.apple.product-type.bundle.ui-testing";
		};
/* End PBXNativeTarget section */

/* Begin PBXProject section */
		D970AD50261C4BA100E7DA98 /* Project object */ = {
			isa = PBXProject;
			attributes = {
				LastSwiftUpdateCheck = 1240;
				LastUpgradeCheck = 1240;
				TargetAttributes = {
					D970AD57261C4BA100E7DA98 = {
						CreatedOnToolsVersion = 12.4;
					};
					D970AD6D261C4BA100E7DA98 = {
						CreatedOnToolsVersion = 12.4;
						TestTargetID = D970AD57261C4BA100E7DA98;
					};
					D970AD78261C4BA100E7DA98 = {
						CreatedOnToolsVersion = 12.4;
						TestTargetID = D970AD57261C4BA100E7DA98;
					};
				};
			};
			buildConfigurationList = D970AD53261C4BA100E7DA98 /* Build configuration list for PBXProject "WorldTrotter" */;
			compatibilityVersion = "Xcode 9.3";
			developmentRegion = en;
			hasScannedForEncodings = 0;
			knownRegions = (
				en,
				Base,
			);
			mainGroup = D970AD4F261C4BA100E7DA98;
			productRefGroup = D970AD59261C4BA100E7DA98 /* Products */;
			projectDirPath = "";
			projectRoot = "";
			targets = (
				D970AD57261C4BA100E7DA98 /* WorldTrotter */,
				D970AD6D261C4BA100E7DA98 /* WorldTrotterTests */,
				D970AD78261C4BA100E7DA98 /* WorldTrotterUITests */,
			);
		};
/* End PBXProject section */

/* Begin PBXResourcesBuildPhase section */
		D970AD56261C4BA100E7DA98 /* Resources */ = {
			isa = PBXResourcesBuildPhase;
			buildActionMask = 2147483647;
			files = (
				D970AD68261C4BA100E7DA98 /* LaunchScreen.storyboard in Resources */,
				D970AD65261C4BA100E7DA98 /* Assets.xcassets in Resources */,
				D970AD63261C4BA100E7DA98 /* Main.storyboard in Resources */,
			);
			runOnlyForDeploymentPostprocessing = 0;
		};
		D970AD6C261C4BA100E7DA98 /* Resources */ = {
			isa = PBXResourcesBuildPhase;
			buildActionMask = 2147483647;
			files = (
			);
			runOnlyForDeploymentPostprocessing = 0;
		};
		D970AD77261C4BA100E7DA98 /* Resources */ = {
			isa = PBXResourcesBuildPhase;
			buildActionMask = 2147483647;
			files = (
			);
			runOnlyForDeploymentPostprocessing = 0;
		};
/* End PBXResourcesBuildPhase section */

/* Begin PBXSourcesBuildPhase section */
		D970AD54261C4BA100E7DA98 /* Sources */ = {
			isa = PBXSourcesBuildPhase;
			buildActionMask = 2147483647;
			files = (
				D970AD5C261C4BA100E7DA98 /* AppDelegate.swift in Sources */,
				D970AD9B261D58FE00E7DA98 /* ConversionViewController.swift in Sources */,
				D970AD5E261C4BA100E7DA98 /* SceneDelegate.swift in Sources */,
			);
			runOnlyForDeploymentPostprocessing = 0;
		};
		D970AD6A261C4BA100E7DA98 /* Sources */ = {
			isa = PBXSourcesBuildPhase;
			buildActionMask = 2147483647;
			files = (
				D970AD73261C4BA100E7DA98 /* WorldTrotterTests.swift in Sources */,
			);
			runOnlyForDeploymentPostprocessing = 0;
		};
		D970AD75261C4BA100E7DA98 /* Sources */ = {
			isa = PBXSourcesBuildPhase;
			buildActionMask = 2147483647;
			files = (
				D970AD7E261C4BA100E7DA98 /* WorldTrotterUITests.swift in Sources */,
			);
			runOnlyForDeploymentPostprocessing = 0;
		};
/* End PBXSourcesBuildPhase section */

/* Begin PBXTargetDependency section */
		D970AD70261C4BA100E7DA98 /* PBXTargetDependency */ = {
			isa = PBXTargetDependency;
			target = D970AD57261C4BA100E7DA98 /* WorldTrotter */;
			targetProxy = D970AD6F261C4BA100E7DA98 /* PBXContainerItemProxy */;
		};
		D970AD7B261C4BA100E7DA98 /* PBXTargetDependency */ = {
			isa = PBXTargetDependency;
			target = D970AD57261C4BA100E7DA98 /* WorldTrotter */;
			targetProxy = D970AD7A261C4BA100E7DA98 /* PBXContainerItemProxy */;
		};
/* End PBXTargetDependency section */

/* Begin PBXVariantGroup section */
		D970AD61261C4BA100E7DA98 /* Main.storyboard */ = {
			isa = PBXVariantGroup;
			children = (
				D970AD62261C4BA100E7DA98 /* Base */,
			);
			name = Main.storyboard;
			sourceTree = "<group>";
		};
		D970AD66261C4BA100E7DA98 /* LaunchScreen.storyboard */ = {
			isa = PBXVariantGroup;
			children = (
				D970AD67261C4BA100E7DA98 /* Base */,
			);
			name = LaunchScreen.storyboard;
			sourceTree = "<group>";
		};
/* End PBXVariantGroup section */

/* Begin XCBuildConfiguration section */
		D970AD80261C4BA200E7DA98 /* Debug */ = {
			isa = XCBuildConfiguration;
			buildSettings = {
				ALWAYS_SEARCH_USER_PATHS = NO;
				CLANG_ANALYZER_NONNULL = YES;
				CLANG_ANALYZER_NUMBER_OBJECT_CONVERSION = YES_AGGRESSIVE;
				CLANG_CXX_LANGUAGE_STANDARD = "gnu++14";
				CLANG_CXX_LIBRARY = "libc++";
				CLANG_ENABLE_MODULES = YES;
				CLANG_ENABLE_OBJC_ARC = YES;
				CLANG_ENABLE_OBJC_WEAK = YES;
				CLANG_WARN_BLOCK_CAPTURE_AUTORELEASING = YES;
				CLANG_WARN_BOOL_CONVERSION = YES;
				CLANG_WARN_COMMA = YES;
				CLANG_WARN_CONSTANT_CONVERSION = YES;
				CLANG_WARN_DEPRECATED_OBJC_IMPLEMENTATIONS = YES;
				CLANG_WARN_DIRECT_OBJC_ISA_USAGE = YES_ERROR;
				CLANG_WARN_DOCUMENTATION_COMMENTS = YES;
				CLANG_WARN_EMPTY_BODY = YES;
				CLANG_WARN_ENUM_CONVERSION = YES;
				CLANG_WARN_INFINITE_RECURSION = YES;
				CLANG_WARN_INT_CONVERSION = YES;
				CLANG_WARN_NON_LITERAL_NULL_CONVERSION = YES;
				CLANG_WARN_OBJC_IMPLICIT_RETAIN_SELF = YES;
				CLANG_WARN_OBJC_LITERAL_CONVERSION = YES;
				CLANG_WARN_OBJC_ROOT_CLASS = YES_ERROR;
				CLANG_WARN_QUOTED_INCLUDE_IN_FRAMEWORK_HEADER = YES;
				CLANG_WARN_RANGE_LOOP_ANALYSIS = YES;
				CLANG_WARN_STRICT_PROTOTYPES = YES;
				CLANG_WARN_SUSPICIOUS_MOVE = YES;
				CLANG_WARN_UNGUARDED_AVAILABILITY = YES_AGGRESSIVE;
				CLANG_WARN_UNREACHABLE_CODE = YES;
				CLANG_WARN__DUPLICATE_METHOD_MATCH = YES;
				COPY_PHASE_STRIP = NO;
				DEBUG_INFORMATION_FORMAT = dwarf;
				ENABLE_STRICT_OBJC_MSGSEND = YES;
				ENABLE_TESTABILITY = YES;
				GCC_C_LANGUAGE_STANDARD = gnu11;
				GCC_DYNAMIC_NO_PIC = NO;
				GCC_NO_COMMON_BLOCKS = YES;
				GCC_OPTIMIZATION_LEVEL = 0;
				GCC_PREPROCESSOR_DEFINITIONS = (
					"DEBUG=1",
					"$(inherited)",
				);
				GCC_WARN_64_TO_32_BIT_CONVERSION = YES;
				GCC_WARN_ABOUT_RETURN_TYPE = YES_ERROR;
				GCC_WARN_UNDECLARED_SELECTOR = YES;
				GCC_WARN_UNINITIALIZED_AUTOS = YES_AGGRESSIVE;
				GCC_WARN_UNUSED_FUNCTION = YES;
				GCC_WARN_UNUSED_VARIABLE = YES;
				IPHONEOS_DEPLOYMENT_TARGET = 14.4;
				MTL_ENABLE_DEBUG_INFO = INCLUDE_SOURCE;
				MTL_FAST_MATH = YES;
				ONLY_ACTIVE_ARCH = YES;
				SDKROOT = iphoneos;
				SWIFT_ACTIVE_COMPILATION_CONDITIONS = DEBUG;
				SWIFT_OPTIMIZATION_LEVEL = "-Onone";
			};
			name = Debug;
		};
		D970AD81261C4BA200E7DA98 /* Release */ = {
			isa = XCBuildConfiguration;
			buildSettings = {
				ALWAYS_SEARCH_USER_PATHS = NO;
				CLANG_ANALYZER_NONNULL = YES;
				CLANG_ANALYZER_NUMBER_OBJECT_CONVERSION = YES_AGGRESSIVE;
				CLANG_CXX_LANGUAGE_STANDARD = "gnu++14";
				CLANG_CXX_LIBRARY = "libc++";
				CLANG_ENABLE_MODULES = YES;
				CLANG_ENABLE_OBJC_ARC = YES;
				CLANG_ENABLE_OBJC_WEAK = YES;
				CLANG_WARN_BLOCK_CAPTURE_AUTORELEASING = YES;
				CLANG_WARN_BOOL_CONVERSION = YES;
				CLANG_WARN_COMMA = YES;
				CLANG_WARN_CONSTANT_CONVERSION = YES;
				CLANG_WARN_DEPRECATED_OBJC_IMPLEMENTATIONS = YES;
				CLANG_WARN_DIRECT_OBJC_ISA_USAGE = YES_ERROR;
				CLANG_WARN_DOCUMENTATION_COMMENTS = YES;
				CLANG_WARN_EMPTY_BODY = YES;
				CLANG_WARN_ENUM_CONVERSION = YES;
				CLANG_WARN_INFINITE_RECURSION = YES;
				CLANG_WARN_INT_CONVERSION = YES;
				CLANG_WARN_NON_LITERAL_NULL_CONVERSION = YES;
				CLANG_WARN_OBJC_IMPLICIT_RETAIN_SELF = YES;
				CLANG_WARN_OBJC_LITERAL_CONVERSION = YES;
				CLANG_WARN_OBJC_ROOT_CLASS = YES_ERROR;
				CLANG_WARN_QUOTED_INCLUDE_IN_FRAMEWORK_HEADER = YES;
				CLANG_WARN_RANGE_LOOP_ANALYSIS = YES;
				CLANG_WARN_STRICT_PROTOTYPES = YES;
				CLANG_WARN_SUSPICIOUS_MOVE = YES;
				CLANG_WARN_UNGUARDED_AVAILABILITY = YES_AGGRESSIVE;
				CLANG_WARN_UNREACHABLE_CODE = YES;
				CLANG_WARN__DUPLICATE_METHOD_MATCH = YES;
				COPY_PHASE_STRIP = NO;
				DEBUG_INFORMATION_FORMAT = "dwarf-with-dsym";
				ENABLE_NS_ASSERTIONS = NO;
				ENABLE_STRICT_OBJC_MSGSEND = YES;
				GCC_C_LANGUAGE_STANDARD = gnu11;
				GCC_NO_COMMON_BLOCKS = YES;
				GCC_WARN_64_TO_32_BIT_CONVERSION = YES;
				GCC_WARN_ABOUT_RETURN_TYPE = YES_ERROR;
				GCC_WARN_UNDECLARED_SELECTOR = YES;
				GCC_WARN_UNINITIALIZED_AUTOS = YES_AGGRESSIVE;
				GCC_WARN_UNUSED_FUNCTION = YES;
				GCC_WARN_UNUSED_VARIABLE = YES;
				IPHONEOS_DEPLOYMENT_TARGET = 14.4;
				MTL_ENABLE_DEBUG_INFO = NO;
				MTL_FAST_MATH = YES;
				SDKROOT = iphoneos;
				SWIFT_COMPILATION_MODE = wholemodule;
				SWIFT_OPTIMIZATION_LEVEL = "-O";
				VALIDATE_PRODUCT = YES;
			};
			name = Release;
		};
		D970AD83261C4BA200E7DA98 /* Debug */ = {
			isa = XCBuildConfiguration;
			buildSettings = {
				ASSETCATALOG_COMPILER_APPICON_NAME = AppIcon;
				ASSETCATALOG_COMPILER_GLOBAL_ACCENT_COLOR_NAME = AccentColor;
				CODE_SIGN_STYLE = Automatic;
				INFOPLIST_FILE = WorldTrotter/Info.plist;
				LD_RUNPATH_SEARCH_PATHS = (
					"$(inherited)",
					"@executable_path/Frameworks",
				);
				PRODUCT_BUNDLE_IDENTIFIER = com.nhn.WorldTrotter;
				PRODUCT_NAME = "$(TARGET_NAME)";
				SWIFT_VERSION = 5.0;
				TARGETED_DEVICE_FAMILY = "1,2";
			};
			name = Debug;
		};
		D970AD84261C4BA200E7DA98 /* Release */ = {
			isa = XCBuildConfiguration;
			buildSettings = {
				ASSETCATALOG_COMPILER_APPICON_NAME = AppIcon;
				ASSETCATALOG_COMPILER_GLOBAL_ACCENT_COLOR_NAME = AccentColor;
				CODE_SIGN_STYLE = Automatic;
				INFOPLIST_FILE = WorldTrotter/Info.plist;
				LD_RUNPATH_SEARCH_PATHS = (
					"$(inherited)",
					"@executable_path/Frameworks",
				);
				PRODUCT_BUNDLE_IDENTIFIER = com.nhn.WorldTrotter;
				PRODUCT_NAME = "$(TARGET_NAME)";
				SWIFT_VERSION = 5.0;
				TARGETED_DEVICE_FAMILY = "1,2";
			};
			name = Release;
		};
		D970AD86261C4BA200E7DA98 /* Debug */ = {
			isa = XCBuildConfiguration;
			buildSettings = {
				ALWAYS_EMBED_SWIFT_STANDARD_LIBRARIES = YES;
				BUNDLE_LOADER = "$(TEST_HOST)";
				CODE_SIGN_STYLE = Automatic;
				INFOPLIST_FILE = WorldTrotterTests/Info.plist;
				IPHONEOS_DEPLOYMENT_TARGET = 14.4;
				LD_RUNPATH_SEARCH_PATHS = (
					"$(inherited)",
					"@executable_path/Frameworks",
					"@loader_path/Frameworks",
				);
				PRODUCT_BUNDLE_IDENTIFIER = com.nhn.WorldTrotterTests;
				PRODUCT_NAME = "$(TARGET_NAME)";
				SWIFT_VERSION = 5.0;
				TARGETED_DEVICE_FAMILY = "1,2";
				TEST_HOST = "$(BUILT_PRODUCTS_DIR)/WorldTrotter.app/WorldTrotter";
			};
			name = Debug;
		};
		D970AD87261C4BA200E7DA98 /* Release */ = {
			isa = XCBuildConfiguration;
			buildSettings = {
				ALWAYS_EMBED_SWIFT_STANDARD_LIBRARIES = YES;
				BUNDLE_LOADER = "$(TEST_HOST)";
				CODE_SIGN_STYLE = Automatic;
				INFOPLIST_FILE = WorldTrotterTests/Info.plist;
				IPHONEOS_DEPLOYMENT_TARGET = 14.4;
				LD_RUNPATH_SEARCH_PATHS = (
					"$(inherited)",
					"@executable_path/Frameworks",
					"@loader_path/Frameworks",
				);
				PRODUCT_BUNDLE_IDENTIFIER = com.nhn.WorldTrotterTests;
				PRODUCT_NAME = "$(TARGET_NAME)";
				SWIFT_VERSION = 5.0;
				TARGETED_DEVICE_FAMILY = "1,2";
				TEST_HOST = "$(BUILT_PRODUCTS_DIR)/WorldTrotter.app/WorldTrotter";
			};
			name = Release;
		};
		D970AD89261C4BA200E7DA98 /* Debug */ = {
			isa = XCBuildConfiguration;
			buildSettings = {
				ALWAYS_EMBED_SWIFT_STANDARD_LIBRARIES = YES;
				CODE_SIGN_STYLE = Automatic;
				INFOPLIST_FILE = WorldTrotterUITests/Info.plist;
				LD_RUNPATH_SEARCH_PATHS = (
					"$(inherited)",
					"@executable_path/Frameworks",
					"@loader_path/Frameworks",
				);
				PRODUCT_BUNDLE_IDENTIFIER = com.nhn.WorldTrotterUITests;
				PRODUCT_NAME = "$(TARGET_NAME)";
				SWIFT_VERSION = 5.0;
				TARGETED_DEVICE_FAMILY = "1,2";
				TEST_TARGET_NAME = WorldTrotter;
			};
			name = Debug;
		};
		D970AD8A261C4BA200E7DA98 /* Release */ = {
			isa = XCBuildConfiguration;
			buildSettings = {
				ALWAYS_EMBED_SWIFT_STANDARD_LIBRARIES = YES;
				CODE_SIGN_STYLE = Automatic;
				INFOPLIST_FILE = WorldTrotterUITests/Info.plist;
				LD_RUNPATH_SEARCH_PATHS = (
					"$(inherited)",
					"@executable_path/Frameworks",
					"@loader_path/Frameworks",
				);
				PRODUCT_BUNDLE_IDENTIFIER = com.nhn.WorldTrotterUITests;
				PRODUCT_NAME = "$(TARGET_NAME)";
				SWIFT_VERSION = 5.0;
				TARGETED_DEVICE_FAMILY = "1,2";
				TEST_TARGET_NAME = WorldTrotter;
			};
			name = Release;
		};
/* End XCBuildConfiguration section */

/* Begin XCConfigurationList section */
		D970AD53261C4BA100E7DA98 /* Build configuration list for PBXProject "WorldTrotter" */ = {
			isa = XCConfigurationList;
			buildConfigurations = (
				D970AD80261C4BA200E7DA98 /* Debug */,
				D970AD81261C4BA200E7DA98 /* Release */,
			);
			defaultConfigurationIsVisible = 0;
			defaultConfigurationName = Release;
		};
		D970AD82261C4BA200E7DA98 /* Build configuration list for PBXNativeTarget "WorldTrotter" */ = {
			isa = XCConfigurationList;
			buildConfigurations = (
				D970AD83261C4BA200E7DA98 /* Debug */,
				D970AD84261C4BA200E7DA98 /* Release */,
			);
			defaultConfigurationIsVisible = 0;
			defaultConfigurationName = Release;
		};
		D970AD85261C4BA200E7DA98 /* Build configuration list for PBXNativeTarget "WorldTrotterTests" */ = {
			isa = XCConfigurationList;
			buildConfigurations = (
				D970AD86261C4BA200E7DA98 /* Debug */,
				D970AD87261C4BA200E7DA98 /* Release */,
			);
			defaultConfigurationIsVisible = 0;
			defaultConfigurationName = Release;
		};
		D970AD88261C4BA200E7DA98 /* Build configuration list for PBXNativeTarget "WorldTrotterUITests" */ = {
			isa = XCConfigurationList;
			buildConfigurations = (
				D970AD89261C4BA200E7DA98 /* Debug */,
				D970AD8A261C4BA200E7DA98 /* Release */,
			);
			defaultConfigurationIsVisible = 0;
			defaultConfigurationName = Release;
		};
/* End XCConfigurationList section */
	};
	rootObject = D970AD50261C4BA100E7DA98 /* Project object */;
}
