// !$*UTF8*$!
{
	archiveVersion = 1;
	classes = {
	};
	objectVersion = 50;
	objects = {

/* Begin PBXBuildFile section */
		D99AEF532624AD7B0037C577 /* AppDelegate.swift in Sources */ = {isa = PBXBuildFile; fileRef = D99AEF522624AD7B0037C577 /* AppDelegate.swift */; };
		D99AEF552624AD7B0037C577 /* SceneDelegate.swift in Sources */ = {isa = PBXBuildFile; fileRef = D99AEF542624AD7B0037C577 /* SceneDelegate.swift */; };
		D99AEF5C2624AD7E0037C577 /* Assets.xcassets in Resources */ = {isa = PBXBuildFile; fileRef = D99AEF5B2624AD7E0037C577 /* Assets.xcassets */; };
		D99AEF5F2624AD7E0037C577 /* LaunchScreen.storyboard in Resources */ = {isa = PBXBuildFile; fileRef = D99AEF5D2624AD7E0037C577 /* LaunchScreen.storyboard */; };
		D99AEF6A2624AE740037C577 /* ItemViewController.swift in Sources */ = {isa = PBXBuildFile; fileRef = D99AEF692624AE740037C577 /* ItemViewController.swift */; };
		D99AEF6D2624AE7D0037C577 /* Item.swift in Sources */ = {isa = PBXBuildFile; fileRef = D99AEF6C2624AE7D0037C577 /* Item.swift */; };
		D99AEF702624AE950037C577 /* ItemStore.swift in Sources */ = {isa = PBXBuildFile; fileRef = D99AEF6F2624AE950037C577 /* ItemStore.swift */; };
		D99AEF732624AEA50037C577 /* ItemCell.swift in Sources */ = {isa = PBXBuildFile; fileRef = D99AEF722624AEA50037C577 /* ItemCell.swift */; };
		D99AEF762624AEB60037C577 /* DetailViewController.swift in Sources */ = {isa = PBXBuildFile; fileRef = D99AEF752624AEB60037C577 /* DetailViewController.swift */; };
		D99AEF792624AEDC0037C577 /* SelectedUITextField.swift in Sources */ = {isa = PBXBuildFile; fileRef = D99AEF782624AEDC0037C577 /* SelectedUITextField.swift */; };
		D99AEF7D2624CAAA0037C577 /* NoMoreItemCell.swift in Sources */ = {isa = PBXBuildFile; fileRef = D99AEF7C2624CAAA0037C577 /* NoMoreItemCell.swift */; };
/* End PBXBuildFile section */

/* Begin PBXFileReference section */
		D99AEF4F2624AD7B0037C577 /* HomepwnerCode.app */ = {isa = PBXFileReference; explicitFileType = wrapper.application; includeInIndex = 0; path = HomepwnerCode.app; sourceTree = BUILT_PRODUCTS_DIR; };
		D99AEF522624AD7B0037C577 /* AppDelegate.swift */ = {isa = PBXFileReference; lastKnownFileType = sourcecode.swift; path = AppDelegate.swift; sourceTree = "<group>"; };
		D99AEF542624AD7B0037C577 /* SceneDelegate.swift */ = {isa = PBXFileReference; lastKnownFileType = sourcecode.swift; path = SceneDelegate.swift; sourceTree = "<group>"; };
		D99AEF5B2624AD7E0037C577 /* Assets.xcassets */ = {isa = PBXFileReference; lastKnownFileType = folder.assetcatalog; path = Assets.xcassets; sourceTree = "<group>"; };
		D99AEF5E2624AD7E0037C577 /* Base */ = {isa = PBXFileReference; lastKnownFileType = file.storyboard; name = Base; path = Base.lproj/LaunchScreen.storyboard; sourceTree = "<group>"; };
		D99AEF602624AD7E0037C577 /* Info.plist */ = {isa = PBXFileReference; lastKnownFileType = text.plist.xml; path = Info.plist; sourceTree = "<group>"; };
		D99AEF692624AE740037C577 /* ItemViewController.swift */ = {isa = PBXFileReference; lastKnownFileType = sourcecode.swift; path = ItemViewController.swift; sourceTree = "<group>"; };
		D99AEF6C2624AE7D0037C577 /* Item.swift */ = {isa = PBXFileReference; lastKnownFileType = sourcecode.swift; path = Item.swift; sourceTree = "<group>"; };
		D99AEF6F2624AE950037C577 /* ItemStore.swift */ = {isa = PBXFileReference; lastKnownFileType = sourcecode.swift; path = ItemStore.swift; sourceTree = "<group>"; };
		D99AEF722624AEA50037C577 /* ItemCell.swift */ = {isa = PBXFileReference; lastKnownFileType = sourcecode.swift; path = ItemCell.swift; sourceTree = "<group>"; };
		D99AEF752624AEB60037C577 /* DetailViewController.swift */ = {isa = PBXFileReference; lastKnownFileType = sourcecode.swift; path = DetailViewController.swift; sourceTree = "<group>"; };
		D99AEF782624AEDC0037C577 /* SelectedUITextField.swift */ = {isa = PBXFileReference; lastKnownFileType = sourcecode.swift; path = SelectedUITextField.swift; sourceTree = "<group>"; };
		D99AEF7C2624CAAA0037C577 /* NoMoreItemCell.swift */ = {isa = PBXFileReference; lastKnownFileType = sourcecode.swift; path = NoMoreItemCell.swift; sourceTree = "<group>"; };
/* End PBXFileReference section */

/* Begin PBXFrameworksBuildPhase section */
		D99AEF4C2624AD7B0037C577 /* Frameworks */ = {
			isa = PBXFrameworksBuildPhase;
			buildActionMask = 2147483647;
			files = (
			);
			runOnlyForDeploymentPostprocessing = 0;
		};
/* End PBXFrameworksBuildPhase section */

/* Begin PBXGroup section */
		D99AEF462624AD7B0037C577 = {
			isa = PBXGroup;
			children = (
				D99AEF512624AD7B0037C577 /* HomepwnerCode */,
				D99AEF502624AD7B0037C577 /* Products */,
			);
			sourceTree = "<group>";
		};
		D99AEF502624AD7B0037C577 /* Products */ = {
			isa = PBXGroup;
			children = (
				D99AEF4F2624AD7B0037C577 /* HomepwnerCode.app */,
			);
			name = Products;
			sourceTree = "<group>";
		};
		D99AEF512624AD7B0037C577 /* HomepwnerCode */ = {
			isa = PBXGroup;
			children = (
				D99AEF522624AD7B0037C577 /* AppDelegate.swift */,
				D99AEF542624AD7B0037C577 /* SceneDelegate.swift */,
				D99AEF692624AE740037C577 /* ItemViewController.swift */,
				D99AEF7C2624CAAA0037C577 /* NoMoreItemCell.swift */,
				D99AEF6C2624AE7D0037C577 /* Item.swift */,
				D99AEF6F2624AE950037C577 /* ItemStore.swift */,
				D99AEF722624AEA50037C577 /* ItemCell.swift */,
				D99AEF752624AEB60037C577 /* DetailViewController.swift */,
				D99AEF782624AEDC0037C577 /* SelectedUITextField.swift */,
				D99AEF5B2624AD7E0037C577 /* Assets.xcassets */,
				D99AEF5D2624AD7E0037C577 /* LaunchScreen.storyboard */,
				D99AEF602624AD7E0037C577 /* Info.plist */,
			);
			path = HomepwnerCode;
			sourceTree = "<group>";
		};
/* End PBXGroup section */

/* Begin PBXNativeTarget section */
		D99AEF4E2624AD7B0037C577 /* HomepwnerCode */ = {
			isa = PBXNativeTarget;
			buildConfigurationList = D99AEF632624AD7E0037C577 /* Build configuration list for PBXNativeTarget "HomepwnerCode" */;
			buildPhases = (
				D99AEF4B2624AD7B0037C577 /* Sources */,
				D99AEF4C2624AD7B0037C577 /* Frameworks */,
				D99AEF4D2624AD7B0037C577 /* Resources */,
			);
			buildRules = (
			);
			dependencies = (
			);
			name = HomepwnerCode;
			productName = HomepwnerCode;
			productReference = D99AEF4F2624AD7B0037C577 /* HomepwnerCode.app */;
			productType = "com.apple.product-type.application";
		};
/* End PBXNativeTarget section */

/* Begin PBXProject section */
		D99AEF472624AD7B0037C577 /* Project object */ = {
			isa = PBXProject;
			attributes = {
				LastSwiftUpdateCheck = 1240;
				LastUpgradeCheck = 1240;
				TargetAttributes = {
					D99AEF4E2624AD7B0037C577 = {
						CreatedOnToolsVersion = 12.4;
					};
				};
			};
			buildConfigurationList = D99AEF4A2624AD7B0037C577 /* Build configuration list for PBXProject "HomepwnerCode" */;
			compatibilityVersion = "Xcode 9.3";
			developmentRegion = en;
			hasScannedForEncodings = 0;
			knownRegions = (
				en,
				Base,
			);
			mainGroup = D99AEF462624AD7B0037C577;
			productRefGroup = D99AEF502624AD7B0037C577 /* Products */;
			projectDirPath = "";
			projectRoot = "";
			targets = (
				D99AEF4E2624AD7B0037C577 /* HomepwnerCode */,
			);
		};
/* End PBXProject section */

/* Begin PBXResourcesBuildPhase section */
		D99AEF4D2624AD7B0037C577 /* Resources */ = {
			isa = PBXResourcesBuildPhase;
			buildActionMask = 2147483647;
			files = (
				D99AEF5F2624AD7E0037C577 /* LaunchScreen.storyboard in Resources */,
				D99AEF5C2624AD7E0037C577 /* Assets.xcassets in Resources */,
			);
			runOnlyForDeploymentPostprocessing = 0;
		};
/* End PBXResourcesBuildPhase section */

/* Begin PBXSourcesBuildPhase section */
		D99AEF4B2624AD7B0037C577 /* Sources */ = {
			isa = PBXSourcesBuildPhase;
			buildActionMask = 2147483647;
			files = (
				D99AEF6D2624AE7D0037C577 /* Item.swift in Sources */,
				D99AEF532624AD7B0037C577 /* AppDelegate.swift in Sources */,
				D99AEF732624AEA50037C577 /* ItemCell.swift in Sources */,
				D99AEF552624AD7B0037C577 /* SceneDelegate.swift in Sources */,
				D99AEF792624AEDC0037C577 /* SelectedUITextField.swift in Sources */,
				D99AEF702624AE950037C577 /* ItemStore.swift in Sources */,
				D99AEF6A2624AE740037C577 /* ItemViewController.swift in Sources */,
				D99AEF7D2624CAAA0037C577 /* NoMoreItemCell.swift in Sources */,
				D99AEF762624AEB60037C577 /* DetailViewController.swift in Sources */,
			);
			runOnlyForDeploymentPostprocessing = 0;
		};
/* End PBXSourcesBuildPhase section */

/* Begin PBXVariantGroup section */
		D99AEF5D2624AD7E0037C577 /* LaunchScreen.storyboard */ = {
			isa = PBXVariantGroup;
			children = (
				D99AEF5E2624AD7E0037C577 /* Base */,
			);
			name = LaunchScreen.storyboard;
			sourceTree = "<group>";
		};
/* End PBXVariantGroup section */

/* Begin XCBuildConfiguration section */
		D99AEF612624AD7E0037C577 /* Debug */ = {
			isa = XCBuildConfiguration;
			buildSettings = {
				ALWAYS_SEARCH_USER_PATHS = NO;
				CLANG_ANALYZER_NONNULL = YES;
				CLANG_ANALYZER_NUMBER_OBJECT_CONVERSION = YES_AGGRESSIVE;
				CLANG_CXX_LANGUAGE_STANDARD = "gnu++14";
				CLANG_CXX_LIBRARY = "libc++";
				CLANG_ENABLE_MODULES = YES;
				CLANG_ENABLE_OBJC_ARC = YES;
				CLANG_ENABLE_OBJC_WEAK = YES;
				CLANG_WARN_BLOCK_CAPTURE_AUTORELEASING = YES;
				CLANG_WARN_BOOL_CONVERSION = YES;
				CLANG_WARN_COMMA = YES;
				CLANG_WARN_CONSTANT_CONVERSION = YES;
				CLANG_WARN_DEPRECATED_OBJC_IMPLEMENTATIONS = YES;
				CLANG_WARN_DIRECT_OBJC_ISA_USAGE = YES_ERROR;
				CLANG_WARN_DOCUMENTATION_COMMENTS = YES;
				CLANG_WARN_EMPTY_BODY = YES;
				CLANG_WARN_ENUM_CONVERSION = YES;
				CLANG_WARN_INFINITE_RECURSION = YES;
				CLANG_WARN_INT_CONVERSION = YES;
				CLANG_WARN_NON_LITERAL_NULL_CONVERSION = YES;
				CLANG_WARN_OBJC_IMPLICIT_RETAIN_SELF = YES;
				CLANG_WARN_OBJC_LITERAL_CONVERSION = YES;
				CLANG_WARN_OBJC_ROOT_CLASS = YES_ERROR;
				CLANG_WARN_QUOTED_INCLUDE_IN_FRAMEWORK_HEADER = YES;
				CLANG_WARN_RANGE_LOOP_ANALYSIS = YES;
				CLANG_WARN_STRICT_PROTOTYPES = YES;
				CLANG_WARN_SUSPICIOUS_MOVE = YES;
				CLANG_WARN_UNGUARDED_AVAILABILITY = YES_AGGRESSIVE;
				CLANG_WARN_UNREACHABLE_CODE = YES;
				CLANG_WARN__DUPLICATE_METHOD_MATCH = YES;
				COPY_PHASE_STRIP = NO;
				DEBUG_INFORMATION_FORMAT = dwarf;
				ENABLE_STRICT_OBJC_MSGSEND = YES;
				ENABLE_TESTABILITY = YES;
				GCC_C_LANGUAGE_STANDARD = gnu11;
				GCC_DYNAMIC_NO_PIC = NO;
				GCC_NO_COMMON_BLOCKS = YES;
				GCC_OPTIMIZATION_LEVEL = 0;
				GCC_PREPROCESSOR_DEFINITIONS = (
					"DEBUG=1",
					"$(inherited)",
				);
				GCC_WARN_64_TO_32_BIT_CONVERSION = YES;
				GCC_WARN_ABOUT_RETURN_TYPE = YES_ERROR;
				GCC_WARN_UNDECLARED_SELECTOR = YES;
				GCC_WARN_UNINITIALIZED_AUTOS = YES_AGGRESSIVE;
				GCC_WARN_UNUSED_FUNCTION = YES;
				GCC_WARN_UNUSED_VARIABLE = YES;
				IPHONEOS_DEPLOYMENT_TARGET = 14.4;
				MTL_ENABLE_DEBUG_INFO = INCLUDE_SOURCE;
				MTL_FAST_MATH = YES;
				ONLY_ACTIVE_ARCH = YES;
				SDKROOT = iphoneos;
				SWIFT_ACTIVE_COMPILATION_CONDITIONS = DEBUG;
				SWIFT_OPTIMIZATION_LEVEL = "-Onone";
			};
			name = Debug;
		};
		D99AEF622624AD7E0037C577 /* Release */ = {
			isa = XCBuildConfiguration;
			buildSettings = {
				ALWAYS_SEARCH_USER_PATHS = NO;
				CLANG_ANALYZER_NONNULL = YES;
				CLANG_ANALYZER_NUMBER_OBJECT_CONVERSION = YES_AGGRESSIVE;
				CLANG_CXX_LANGUAGE_STANDARD = "gnu++14";
				CLANG_CXX_LIBRARY = "libc++";
				CLANG_ENABLE_MODULES = YES;
				CLANG_ENABLE_OBJC_ARC = YES;
				CLANG_ENABLE_OBJC_WEAK = YES;
				CLANG_WARN_BLOCK_CAPTURE_AUTORELEASING = YES;
				CLANG_WARN_BOOL_CONVERSION = YES;
				CLANG_WARN_COMMA = YES;
				CLANG_WARN_CONSTANT_CONVERSION = YES;
				CLANG_WARN_DEPRECATED_OBJC_IMPLEMENTATIONS = YES;
				CLANG_WARN_DIRECT_OBJC_ISA_USAGE = YES_ERROR;
				CLANG_WARN_DOCUMENTATION_COMMENTS = YES;
				CLANG_WARN_EMPTY_BODY = YES;
				CLANG_WARN_ENUM_CONVERSION = YES;
				CLANG_WARN_INFINITE_RECURSION = YES;
				CLANG_WARN_INT_CONVERSION = YES;
				CLANG_WARN_NON_LITERAL_NULL_CONVERSION = YES;
				CLANG_WARN_OBJC_IMPLICIT_RETAIN_SELF = YES;
				CLANG_WARN_OBJC_LITERAL_CONVERSION = YES;
				CLANG_WARN_OBJC_ROOT_CLASS = YES_ERROR;
				CLANG_WARN_QUOTED_INCLUDE_IN_FRAMEWORK_HEADER = YES;
				CLANG_WARN_RANGE_LOOP_ANALYSIS = YES;
				CLANG_WARN_STRICT_PROTOTYPES = YES;
				CLANG_WARN_SUSPICIOUS_MOVE = YES;
				CLANG_WARN_UNGUARDED_AVAILABILITY = YES_AGGRESSIVE;
				CLANG_WARN_UNREACHABLE_CODE = YES;
				CLANG_WARN__DUPLICATE_METHOD_MATCH = YES;
				COPY_PHASE_STRIP = NO;
				DEBUG_INFORMATION_FORMAT = "dwarf-with-dsym";
				ENABLE_NS_ASSERTIONS = NO;
				ENABLE_STRICT_OBJC_MSGSEND = YES;
				GCC_C_LANGUAGE_STANDARD = gnu11;
				GCC_NO_COMMON_BLOCKS = YES;
				GCC_WARN_64_TO_32_BIT_CONVERSION = YES;
				GCC_WARN_ABOUT_RETURN_TYPE = YES_ERROR;
				GCC_WARN_UNDECLARED_SELECTOR = YES;
				GCC_WARN_UNINITIALIZED_AUTOS = YES_AGGRESSIVE;
				GCC_WARN_UNUSED_FUNCTION = YES;
				GCC_WARN_UNUSED_VARIABLE = YES;
				IPHONEOS_DEPLOYMENT_TARGET = 14.4;
				MTL_ENABLE_DEBUG_INFO = NO;
				MTL_FAST_MATH = YES;
				SDKROOT = iphoneos;
				SWIFT_COMPILATION_MODE = wholemodule;
				SWIFT_OPTIMIZATION_LEVEL = "-O";
				VALIDATE_PRODUCT = YES;
			};
			name = Release;
		};
		D99AEF642624AD7E0037C577 /* Debug */ = {
			isa = XCBuildConfiguration;
			buildSettings = {
				ASSETCATALOG_COMPILER_APPICON_NAME = AppIcon;
				ASSETCATALOG_COMPILER_GLOBAL_ACCENT_COLOR_NAME = AccentColor;
				CODE_SIGN_STYLE = Automatic;
				INFOPLIST_FILE = HomepwnerCode/Info.plist;
				LD_RUNPATH_SEARCH_PATHS = (
					"$(inherited)",
					"@executable_path/Frameworks",
				);
				PRODUCT_BUNDLE_IDENTIFIER = com.nhn.HomepwnerCode;
				PRODUCT_NAME = "$(TARGET_NAME)";
				SWIFT_VERSION = 5.0;
				TARGETED_DEVICE_FAMILY = "1,2";
			};
			name = Debug;
		};
		D99AEF652624AD7E0037C577 /* Release */ = {
			isa = XCBuildConfiguration;
			buildSettings = {
				ASSETCATALOG_COMPILER_APPICON_NAME = AppIcon;
				ASSETCATALOG_COMPILER_GLOBAL_ACCENT_COLOR_NAME = AccentColor;
				CODE_SIGN_STYLE = Automatic;
				INFOPLIST_FILE = HomepwnerCode/Info.plist;
				LD_RUNPATH_SEARCH_PATHS = (
					"$(inherited)",
					"@executable_path/Frameworks",
				);
				PRODUCT_BUNDLE_IDENTIFIER = com.nhn.HomepwnerCode;
				PRODUCT_NAME = "$(TARGET_NAME)";
				SWIFT_VERSION = 5.0;
				TARGETED_DEVICE_FAMILY = "1,2";
			};
			name = Release;
		};
/* End XCBuildConfiguration section */

/* Begin XCConfigurationList section */
		D99AEF4A2624AD7B0037C577 /* Build configuration list for PBXProject "HomepwnerCode" */ = {
			isa = XCConfigurationList;
			buildConfigurations = (
				D99AEF612624AD7E0037C577 /* Debug */,
				D99AEF622624AD7E0037C577 /* Release */,
			);
			defaultConfigurationIsVisible = 0;
			defaultConfigurationName = Release;
		};
		D99AEF632624AD7E0037C577 /* Build configuration list for PBXNativeTarget "HomepwnerCode" */ = {
			isa = XCConfigurationList;
			buildConfigurations = (
				D99AEF642624AD7E0037C577 /* Debug */,
				D99AEF652624AD7E0037C577 /* Release */,
			);
			defaultConfigurationIsVisible = 0;
			defaultConfigurationName = Release;
		};
/* End XCConfigurationList section */
	};
	rootObject = D99AEF472624AD7B0037C577 /* Project object */;
}
