// !$*UTF8*$!
{
	archiveVersion = 1;
	classes = {
	};
	objectVersion = 50;
	objects = {

/* Begin PBXBuildFile section */
		D97929CC2628289B005E6D88 /* AppDelegate.swift in Sources */ = {isa = PBXBuildFile; fileRef = D97929CB2628289B005E6D88 /* AppDelegate.swift */; };
		D97929CE2628289B005E6D88 /* SceneDelegate.swift in Sources */ = {isa = PBXBuildFile; fileRef = D97929CD2628289B005E6D88 /* SceneDelegate.swift */; };
		D97929D32628289B005E6D88 /* Main.storyboard in Resources */ = {isa = PBXBuildFile; fileRef = D97929D12628289B005E6D88 /* Main.storyboard */; };
		D97929D52628289D005E6D88 /* Assets.xcassets in Resources */ = {isa = PBXBuildFile; fileRef = D97929D42628289D005E6D88 /* Assets.xcassets */; };
		D97929D82628289D005E6D88 /* LaunchScreen.storyboard in Resources */ = {isa = PBXBuildFile; fileRef = D97929D62628289D005E6D88 /* LaunchScreen.storyboard */; };
		D97929E2262828F7005E6D88 /* BookRecViewController.swift in Sources */ = {isa = PBXBuildFile; fileRef = D97929E1262828F7005E6D88 /* BookRecViewController.swift */; };
		D97929E52628328E005E6D88 /* BookRecFirstCell.swift in Sources */ = {isa = PBXBuildFile; fileRef = D97929E42628328E005E6D88 /* BookRecFirstCell.swift */; };
		D9792A5E262934DB005E6D88 /* Book.swift in Sources */ = {isa = PBXBuildFile; fileRef = D9792A5D262934DB005E6D88 /* Book.swift */; };
		D9792A6126293575005E6D88 /* BookStore.swift in Sources */ = {isa = PBXBuildFile; fileRef = D9792A6026293575005E6D88 /* BookStore.swift */; };
/* End PBXBuildFile section */

/* Begin PBXFileReference section */
		D97929C82628289B005E6D88 /* IamSchoolBookRec.app */ = {isa = PBXFileReference; explicitFileType = wrapper.application; includeInIndex = 0; path = IamSchoolBookRec.app; sourceTree = BUILT_PRODUCTS_DIR; };
		D97929CB2628289B005E6D88 /* AppDelegate.swift */ = {isa = PBXFileReference; lastKnownFileType = sourcecode.swift; path = AppDelegate.swift; sourceTree = "<group>"; };
		D97929CD2628289B005E6D88 /* SceneDelegate.swift */ = {isa = PBXFileReference; lastKnownFileType = sourcecode.swift; path = SceneDelegate.swift; sourceTree = "<group>"; };
		D97929D22628289B005E6D88 /* Base */ = {isa = PBXFileReference; lastKnownFileType = file.storyboard; name = Base; path = Base.lproj/Main.storyboard; sourceTree = "<group>"; };
		D97929D42628289D005E6D88 /* Assets.xcassets */ = {isa = PBXFileReference; lastKnownFileType = folder.assetcatalog; path = Assets.xcassets; sourceTree = "<group>"; };
		D97929D72628289D005E6D88 /* Base */ = {isa = PBXFileReference; lastKnownFileType = file.storyboard; name = Base; path = Base.lproj/LaunchScreen.storyboard; sourceTree = "<group>"; };
		D97929D92628289D005E6D88 /* Info.plist */ = {isa = PBXFileReference; lastKnownFileType = text.plist.xml; path = Info.plist; sourceTree = "<group>"; };
		D97929E1262828F7005E6D88 /* BookRecViewController.swift */ = {isa = PBXFileReference; lastKnownFileType = sourcecode.swift; path = BookRecViewController.swift; sourceTree = "<group>"; };
		D97929E42628328E005E6D88 /* BookRecFirstCell.swift */ = {isa = PBXFileReference; lastKnownFileType = sourcecode.swift; path = BookRecFirstCell.swift; sourceTree = "<group>"; };
		D9792A5D262934DB005E6D88 /* Book.swift */ = {isa = PBXFileReference; lastKnownFileType = sourcecode.swift; path = Book.swift; sourceTree = "<group>"; };
		D9792A6026293575005E6D88 /* BookStore.swift */ = {isa = PBXFileReference; lastKnownFileType = sourcecode.swift; path = BookStore.swift; sourceTree = "<group>"; };
/* End PBXFileReference section */

/* Begin PBXFrameworksBuildPhase section */
		D97929C52628289B005E6D88 /* Frameworks */ = {
			isa = PBXFrameworksBuildPhase;
			buildActionMask = 2147483647;
			files = (
			);
			runOnlyForDeploymentPostprocessing = 0;
		};
/* End PBXFrameworksBuildPhase section */

/* Begin PBXGroup section */
		D97929BF2628289B005E6D88 = {
			isa = PBXGroup;
			children = (
				D97929CA2628289B005E6D88 /* IamSchoolBookRec */,
				D97929C92628289B005E6D88 /* Products */,
			);
			sourceTree = "<group>";
		};
		D97929C92628289B005E6D88 /* Products */ = {
			isa = PBXGroup;
			children = (
				D97929C82628289B005E6D88 /* IamSchoolBookRec.app */,
			);
			name = Products;
			sourceTree = "<group>";
		};
		D97929CA2628289B005E6D88 /* IamSchoolBookRec */ = {
			isa = PBXGroup;
			children = (
				D97929CB2628289B005E6D88 /* AppDelegate.swift */,
				D97929CD2628289B005E6D88 /* SceneDelegate.swift */,
				D97929D12628289B005E6D88 /* Main.storyboard */,
				D97929D42628289D005E6D88 /* Assets.xcassets */,
				D97929D62628289D005E6D88 /* LaunchScreen.storyboard */,
				D97929D92628289D005E6D88 /* Info.plist */,
				D97929E1262828F7005E6D88 /* BookRecViewController.swift */,
				D97929E42628328E005E6D88 /* BookRecFirstCell.swift */,
				D9792A5D262934DB005E6D88 /* Book.swift */,
				D9792A6026293575005E6D88 /* BookStore.swift */,
			);
			path = IamSchoolBookRec;
			sourceTree = "<group>";
		};
/* End PBXGroup section */

/* Begin PBXNativeTarget section */
		D97929C72628289B005E6D88 /* IamSchoolBookRec */ = {
			isa = PBXNativeTarget;
			buildConfigurationList = D97929DC2628289D005E6D88 /* Build configuration list for PBXNativeTarget "IamSchoolBookRec" */;
			buildPhases = (
				D97929C42628289B005E6D88 /* Sources */,
				D97929C52628289B005E6D88 /* Frameworks */,
				D97929C62628289B005E6D88 /* Resources */,
			);
			buildRules = (
			);
			dependencies = (
			);
			name = IamSchoolBookRec;
			productName = IamSchoolBookRec;
			productReference = D97929C82628289B005E6D88 /* IamSchoolBookRec.app */;
			productType = "com.apple.product-type.application";
		};
/* End PBXNativeTarget section */

/* Begin PBXProject section */
		D97929C02628289B005E6D88 /* Project object */ = {
			isa = PBXProject;
			attributes = {
				LastSwiftUpdateCheck = 1240;
				LastUpgradeCheck = 1240;
				TargetAttributes = {
					D97929C72628289B005E6D88 = {
						CreatedOnToolsVersion = 12.4;
					};
				};
			};
			buildConfigurationList = D97929C32628289B005E6D88 /* Build configuration list for PBXProject "IamSchoolBookRec" */;
			compatibilityVersion = "Xcode 9.3";
			developmentRegion = en;
			hasScannedForEncodings = 0;
			knownRegions = (
				en,
				Base,
			);
			mainGroup = D97929BF2628289B005E6D88;
			productRefGroup = D97929C92628289B005E6D88 /* Products */;
			projectDirPath = "";
			projectRoot = "";
			targets = (
				D97929C72628289B005E6D88 /* IamSchoolBookRec */,
			);
		};
/* End PBXProject section */

/* Begin PBXResourcesBuildPhase section */
		D97929C62628289B005E6D88 /* Resources */ = {
			isa = PBXResourcesBuildPhase;
			buildActionMask = 2147483647;
			files = (
				D97929D82628289D005E6D88 /* LaunchScreen.storyboard in Resources */,
				D97929D52628289D005E6D88 /* Assets.xcassets in Resources */,
				D97929D32628289B005E6D88 /* Main.storyboard in Resources */,
			);
			runOnlyForDeploymentPostprocessing = 0;
		};
/* End PBXResourcesBuildPhase section */

/* Begin PBXSourcesBuildPhase section */
		D97929C42628289B005E6D88 /* Sources */ = {
			isa = PBXSourcesBuildPhase;
			buildActionMask = 2147483647;
			files = (
				D97929E2262828F7005E6D88 /* BookRecViewController.swift in Sources */,
				D97929CC2628289B005E6D88 /* AppDelegate.swift in Sources */,
				D9792A6126293575005E6D88 /* BookStore.swift in Sources */,
				D97929CE2628289B005E6D88 /* SceneDelegate.swift in Sources */,
				D9792A5E262934DB005E6D88 /* Book.swift in Sources */,
				D97929E52628328E005E6D88 /* BookRecFirstCell.swift in Sources */,
			);
			runOnlyForDeploymentPostprocessing = 0;
		};
/* End PBXSourcesBuildPhase section */

/* Begin PBXVariantGroup section */
		D97929D12628289B005E6D88 /* Main.storyboard */ = {
			isa = PBXVariantGroup;
			children = (
				D97929D22628289B005E6D88 /* Base */,
			);
			name = Main.storyboard;
			sourceTree = "<group>";
		};
		D97929D62628289D005E6D88 /* LaunchScreen.storyboard */ = {
			isa = PBXVariantGroup;
			children = (
				D97929D72628289D005E6D88 /* Base */,
			);
			name = LaunchScreen.storyboard;
			sourceTree = "<group>";
		};
/* End PBXVariantGroup section */

/* Begin XCBuildConfiguration section */
		D97929DA2628289D005E6D88 /* Debug */ = {
			isa = XCBuildConfiguration;
			buildSettings = {
				ALWAYS_SEARCH_USER_PATHS = NO;
				CLANG_ANALYZER_NONNULL = YES;
				CLANG_ANALYZER_NUMBER_OBJECT_CONVERSION = YES_AGGRESSIVE;
				CLANG_CXX_LANGUAGE_STANDARD = "gnu++14";
				CLANG_CXX_LIBRARY = "libc++";
				CLANG_ENABLE_MODULES = YES;
				CLANG_ENABLE_OBJC_ARC = YES;
				CLANG_ENABLE_OBJC_WEAK = YES;
				CLANG_WARN_BLOCK_CAPTURE_AUTORELEASING = YES;
				CLANG_WARN_BOOL_CONVERSION = YES;
				CLANG_WARN_COMMA = YES;
				CLANG_WARN_CONSTANT_CONVERSION = YES;
				CLANG_WARN_DEPRECATED_OBJC_IMPLEMENTATIONS = YES;
				CLANG_WARN_DIRECT_OBJC_ISA_USAGE = YES_ERROR;
				CLANG_WARN_DOCUMENTATION_COMMENTS = YES;
				CLANG_WARN_EMPTY_BODY = YES;
				CLANG_WARN_ENUM_CONVERSION = YES;
				CLANG_WARN_INFINITE_RECURSION = YES;
				CLANG_WARN_INT_CONVERSION = YES;
				CLANG_WARN_NON_LITERAL_NULL_CONVERSION = YES;
				CLANG_WARN_OBJC_IMPLICIT_RETAIN_SELF = YES;
				CLANG_WARN_OBJC_LITERAL_CONVERSION = YES;
				CLANG_WARN_OBJC_ROOT_CLASS = YES_ERROR;
				CLANG_WARN_QUOTED_INCLUDE_IN_FRAMEWORK_HEADER = YES;
				CLANG_WARN_RANGE_LOOP_ANALYSIS = YES;
				CLANG_WARN_STRICT_PROTOTYPES = YES;
				CLANG_WARN_SUSPICIOUS_MOVE = YES;
				CLANG_WARN_UNGUARDED_AVAILABILITY = YES_AGGRESSIVE;
				CLANG_WARN_UNREACHABLE_CODE = YES;
				CLANG_WARN__DUPLICATE_METHOD_MATCH = YES;
				COPY_PHASE_STRIP = NO;
				DEBUG_INFORMATION_FORMAT = dwarf;
				ENABLE_STRICT_OBJC_MSGSEND = YES;
				ENABLE_TESTABILITY = YES;
				GCC_C_LANGUAGE_STANDARD = gnu11;
				GCC_DYNAMIC_NO_PIC = NO;
				GCC_NO_COMMON_BLOCKS = YES;
				GCC_OPTIMIZATION_LEVEL = 0;
				GCC_PREPROCESSOR_DEFINITIONS = (
					"DEBUG=1",
					"$(inherited)",
				);
				GCC_WARN_64_TO_32_BIT_CONVERSION = YES;
				GCC_WARN_ABOUT_RETURN_TYPE = YES_ERROR;
				GCC_WARN_UNDECLARED_SELECTOR = YES;
				GCC_WARN_UNINITIALIZED_AUTOS = YES_AGGRESSIVE;
				GCC_WARN_UNUSED_FUNCTION = YES;
				GCC_WARN_UNUSED_VARIABLE = YES;
				IPHONEOS_DEPLOYMENT_TARGET = 14.4;
				MTL_ENABLE_DEBUG_INFO = INCLUDE_SOURCE;
				MTL_FAST_MATH = YES;
				ONLY_ACTIVE_ARCH = YES;
				SDKROOT = iphoneos;
				SWIFT_ACTIVE_COMPILATION_CONDITIONS = DEBUG;
				SWIFT_OPTIMIZATION_LEVEL = "-Onone";
			};
			name = Debug;
		};
		D97929DB2628289D005E6D88 /* Release */ = {
			isa = XCBuildConfiguration;
			buildSettings = {
				ALWAYS_SEARCH_USER_PATHS = NO;
				CLANG_ANALYZER_NONNULL = YES;
				CLANG_ANALYZER_NUMBER_OBJECT_CONVERSION = YES_AGGRESSIVE;
				CLANG_CXX_LANGUAGE_STANDARD = "gnu++14";
				CLANG_CXX_LIBRARY = "libc++";
				CLANG_ENABLE_MODULES = YES;
				CLANG_ENABLE_OBJC_ARC = YES;
				CLANG_ENABLE_OBJC_WEAK = YES;
				CLANG_WARN_BLOCK_CAPTURE_AUTORELEASING = YES;
				CLANG_WARN_BOOL_CONVERSION = YES;
				CLANG_WARN_COMMA = YES;
				CLANG_WARN_CONSTANT_CONVERSION = YES;
				CLANG_WARN_DEPRECATED_OBJC_IMPLEMENTATIONS = YES;
				CLANG_WARN_DIRECT_OBJC_ISA_USAGE = YES_ERROR;
				CLANG_WARN_DOCUMENTATION_COMMENTS = YES;
				CLANG_WARN_EMPTY_BODY = YES;
				CLANG_WARN_ENUM_CONVERSION = YES;
				CLANG_WARN_INFINITE_RECURSION = YES;
				CLANG_WARN_INT_CONVERSION = YES;
				CLANG_WARN_NON_LITERAL_NULL_CONVERSION = YES;
				CLANG_WARN_OBJC_IMPLICIT_RETAIN_SELF = YES;
				CLANG_WARN_OBJC_LITERAL_CONVERSION = YES;
				CLANG_WARN_OBJC_ROOT_CLASS = YES_ERROR;
				CLANG_WARN_QUOTED_INCLUDE_IN_FRAMEWORK_HEADER = YES;
				CLANG_WARN_RANGE_LOOP_ANALYSIS = YES;
				CLANG_WARN_STRICT_PROTOTYPES = YES;
				CLANG_WARN_SUSPICIOUS_MOVE = YES;
				CLANG_WARN_UNGUARDED_AVAILABILITY = YES_AGGRESSIVE;
				CLANG_WARN_UNREACHABLE_CODE = YES;
				CLANG_WARN__DUPLICATE_METHOD_MATCH = YES;
				COPY_PHASE_STRIP = NO;
				DEBUG_INFORMATION_FORMAT = "dwarf-with-dsym";
				ENABLE_NS_ASSERTIONS = NO;
				ENABLE_STRICT_OBJC_MSGSEND = YES;
				GCC_C_LANGUAGE_STANDARD = gnu11;
				GCC_NO_COMMON_BLOCKS = YES;
				GCC_WARN_64_TO_32_BIT_CONVERSION = YES;
				GCC_WARN_ABOUT_RETURN_TYPE = YES_ERROR;
				GCC_WARN_UNDECLARED_SELECTOR = YES;
				GCC_WARN_UNINITIALIZED_AUTOS = YES_AGGRESSIVE;
				GCC_WARN_UNUSED_FUNCTION = YES;
				GCC_WARN_UNUSED_VARIABLE = YES;
				IPHONEOS_DEPLOYMENT_TARGET = 14.4;
				MTL_ENABLE_DEBUG_INFO = NO;
				MTL_FAST_MATH = YES;
				SDKROOT = iphoneos;
				SWIFT_COMPILATION_MODE = wholemodule;
				SWIFT_OPTIMIZATION_LEVEL = "-O";
				VALIDATE_PRODUCT = YES;
			};
			name = Release;
		};
		D97929DD2628289D005E6D88 /* Debug */ = {
			isa = XCBuildConfiguration;
			buildSettings = {
				ASSETCATALOG_COMPILER_APPICON_NAME = AppIcon;
				ASSETCATALOG_COMPILER_GLOBAL_ACCENT_COLOR_NAME = AccentColor;
				CODE_SIGN_STYLE = Automatic;
				INFOPLIST_FILE = IamSchoolBookRec/Info.plist;
				LD_RUNPATH_SEARCH_PATHS = (
					"$(inherited)",
					"@executable_path/Frameworks",
				);
				PRODUCT_BUNDLE_IDENTIFIER = com.nhn.IamSchoolBookRec;
				PRODUCT_NAME = "$(TARGET_NAME)";
				SWIFT_VERSION = 5.0;
				TARGETED_DEVICE_FAMILY = "1,2";
			};
			name = Debug;
		};
		D97929DE2628289D005E6D88 /* Release */ = {
			isa = XCBuildConfiguration;
			buildSettings = {
				ASSETCATALOG_COMPILER_APPICON_NAME = AppIcon;
				ASSETCATALOG_COMPILER_GLOBAL_ACCENT_COLOR_NAME = AccentColor;
				CODE_SIGN_STYLE = Automatic;
				INFOPLIST_FILE = IamSchoolBookRec/Info.plist;
				LD_RUNPATH_SEARCH_PATHS = (
					"$(inherited)",
					"@executable_path/Frameworks",
				);
				PRODUCT_BUNDLE_IDENTIFIER = com.nhn.IamSchoolBookRec;
				PRODUCT_NAME = "$(TARGET_NAME)";
				SWIFT_VERSION = 5.0;
				TARGETED_DEVICE_FAMILY = "1,2";
			};
			name = Release;
		};
/* End XCBuildConfiguration section */

/* Begin XCConfigurationList section */
		D97929C32628289B005E6D88 /* Build configuration list for PBXProject "IamSchoolBookRec" */ = {
			isa = XCConfigurationList;
			buildConfigurations = (
				D97929DA2628289D005E6D88 /* Debug */,
				D97929DB2628289D005E6D88 /* Release */,
			);
			defaultConfigurationIsVisible = 0;
			defaultConfigurationName = Release;
		};
		D97929DC2628289D005E6D88 /* Build configuration list for PBXNativeTarget "IamSchoolBookRec" */ = {
			isa = XCConfigurationList;
			buildConfigurations = (
				D97929DD2628289D005E6D88 /* Debug */,
				D97929DE2628289D005E6D88 /* Release */,
			);
			defaultConfigurationIsVisible = 0;
			defaultConfigurationName = Release;
		};
/* End XCConfigurationList section */
	};
	rootObject = D97929C02628289B005E6D88 /* Project object */;
}
