// !$*UTF8*$!
{
	archiveVersion = 1;
	classes = {
	};
	objectVersion = 50;
	objects = {

/* Begin PBXBuildFile section */
		D979299F2625852A005E6D88 /* PhotoDelegateFlowLayout.swift in Sources */ = {isa = PBXBuildFile; fileRef = D979299E2625852A005E6D88 /* PhotoDelegateFlowLayout.swift */; };
		D99AEF8E26253C420037C577 /* AppDelegate.swift in Sources */ = {isa = PBXBuildFile; fileRef = D99AEF8D26253C420037C577 /* AppDelegate.swift */; };
		D99AEF9026253C420037C577 /* SceneDelegate.swift in Sources */ = {isa = PBXBuildFile; fileRef = D99AEF8F26253C420037C577 /* SceneDelegate.swift */; };
		D99AEF9526253C420037C577 /* Main.storyboard in Resources */ = {isa = PBXBuildFile; fileRef = D99AEF9326253C420037C577 /* Main.storyboard */; };
		D99AEF9726253C450037C577 /* Assets.xcassets in Resources */ = {isa = PBXBuildFile; fileRef = D99AEF9626253C450037C577 /* Assets.xcassets */; };
		D99AEF9A26253C450037C577 /* LaunchScreen.storyboard in Resources */ = {isa = PBXBuildFile; fileRef = D99AEF9826253C450037C577 /* LaunchScreen.storyboard */; };
		D99AEFA426253D4C0037C577 /* PhotoViewController.swift in Sources */ = {isa = PBXBuildFile; fileRef = D99AEFA326253D4C0037C577 /* PhotoViewController.swift */; };
		D99AEFA7262548980037C577 /* FlickrAPI.swift in Sources */ = {isa = PBXBuildFile; fileRef = D99AEFA6262548980037C577 /* FlickrAPI.swift */; };
		D99AEFAB262551700037C577 /* PhotoStore.swift in Sources */ = {isa = PBXBuildFile; fileRef = D99AEFAA262551700037C577 /* PhotoStore.swift */; };
		D99AEFAE262557620037C577 /* Photo.swift in Sources */ = {isa = PBXBuildFile; fileRef = D99AEFAD262557620037C577 /* Photo.swift */; };
		D99AEFB62625727A0037C577 /* PhotoDataSource.swift in Sources */ = {isa = PBXBuildFile; fileRef = D99AEFB52625727A0037C577 /* PhotoDataSource.swift */; };
		D99AEFB9262578FB0037C577 /* PhotoCollectionViewCell.swift in Sources */ = {isa = PBXBuildFile; fileRef = D99AEFB8262578FB0037C577 /* PhotoCollectionViewCell.swift */; };
/* End PBXBuildFile section */

/* Begin PBXFileReference section */
		D979299E2625852A005E6D88 /* PhotoDelegateFlowLayout.swift */ = {isa = PBXFileReference; lastKnownFileType = sourcecode.swift; path = PhotoDelegateFlowLayout.swift; sourceTree = "<group>"; };
		D99AEF8A26253C420037C577 /* Photorama.app */ = {isa = PBXFileReference; explicitFileType = wrapper.application; includeInIndex = 0; path = Photorama.app; sourceTree = BUILT_PRODUCTS_DIR; };
		D99AEF8D26253C420037C577 /* AppDelegate.swift */ = {isa = PBXFileReference; lastKnownFileType = sourcecode.swift; path = AppDelegate.swift; sourceTree = "<group>"; };
		D99AEF8F26253C420037C577 /* SceneDelegate.swift */ = {isa = PBXFileReference; lastKnownFileType = sourcecode.swift; path = SceneDelegate.swift; sourceTree = "<group>"; };
		D99AEF9426253C420037C577 /* Base */ = {isa = PBXFileReference; lastKnownFileType = file.storyboard; name = Base; path = Base.lproj/Main.storyboard; sourceTree = "<group>"; };
		D99AEF9626253C450037C577 /* Assets.xcassets */ = {isa = PBXFileReference; lastKnownFileType = folder.assetcatalog; path = Assets.xcassets; sourceTree = "<group>"; };
		D99AEF9926253C450037C577 /* Base */ = {isa = PBXFileReference; lastKnownFileType = file.storyboard; name = Base; path = Base.lproj/LaunchScreen.storyboard; sourceTree = "<group>"; };
		D99AEF9B26253C450037C577 /* Info.plist */ = {isa = PBXFileReference; lastKnownFileType = text.plist.xml; path = Info.plist; sourceTree = "<group>"; };
		D99AEFA326253D4C0037C577 /* PhotoViewController.swift */ = {isa = PBXFileReference; lastKnownFileType = sourcecode.swift; path = PhotoViewController.swift; sourceTree = "<group>"; };
		D99AEFA6262548980037C577 /* FlickrAPI.swift */ = {isa = PBXFileReference; lastKnownFileType = sourcecode.swift; path = FlickrAPI.swift; sourceTree = "<group>"; };
		D99AEFAA262551700037C577 /* PhotoStore.swift */ = {isa = PBXFileReference; lastKnownFileType = sourcecode.swift; path = PhotoStore.swift; sourceTree = "<group>"; };
		D99AEFAD262557620037C577 /* Photo.swift */ = {isa = PBXFileReference; lastKnownFileType = sourcecode.swift; path = Photo.swift; sourceTree = "<group>"; };
		D99AEFB52625727A0037C577 /* PhotoDataSource.swift */ = {isa = PBXFileReference; lastKnownFileType = sourcecode.swift; path = PhotoDataSource.swift; sourceTree = "<group>"; };
		D99AEFB8262578FB0037C577 /* PhotoCollectionViewCell.swift */ = {isa = PBXFileReference; lastKnownFileType = sourcecode.swift; path = PhotoCollectionViewCell.swift; sourceTree = "<group>"; };
/* End PBXFileReference section */

/* Begin PBXFrameworksBuildPhase section */
		D99AEF8726253C420037C577 /* Frameworks */ = {
			isa = PBXFrameworksBuildPhase;
			buildActionMask = 2147483647;
			files = (
			);
			runOnlyForDeploymentPostprocessing = 0;
		};
/* End PBXFrameworksBuildPhase section */

/* Begin PBXGroup section */
		D99AEF8126253C420037C577 = {
			isa = PBXGroup;
			children = (
				D99AEF8C26253C420037C577 /* Photorama */,
				D99AEF8B26253C420037C577 /* Products */,
			);
			sourceTree = "<group>";
		};
		D99AEF8B26253C420037C577 /* Products */ = {
			isa = PBXGroup;
			children = (
				D99AEF8A26253C420037C577 /* Photorama.app */,
			);
			name = Products;
			sourceTree = "<group>";
		};
		D99AEF8C26253C420037C577 /* Photorama */ = {
			isa = PBXGroup;
			children = (
				D99AEF8D26253C420037C577 /* AppDelegate.swift */,
				D99AEF8F26253C420037C577 /* SceneDelegate.swift */,
				D99AEF9326253C420037C577 /* Main.storyboard */,
				D99AEF9626253C450037C577 /* Assets.xcassets */,
				D99AEF9826253C450037C577 /* LaunchScreen.storyboard */,
				D99AEF9B26253C450037C577 /* Info.plist */,
				D99AEFA326253D4C0037C577 /* PhotoViewController.swift */,
				D979299E2625852A005E6D88 /* PhotoDelegateFlowLayout.swift */,
				D99AEFB52625727A0037C577 /* PhotoDataSource.swift */,
				D99AEFA6262548980037C577 /* FlickrAPI.swift */,
				D99AEFAD262557620037C577 /* Photo.swift */,
				D99AEFB8262578FB0037C577 /* PhotoCollectionViewCell.swift */,
				D99AEFAA262551700037C577 /* PhotoStore.swift */,
			);
			path = Photorama;
			sourceTree = "<group>";
		};
/* End PBXGroup section */

/* Begin PBXNativeTarget section */
		D99AEF8926253C420037C577 /* Photorama */ = {
			isa = PBXNativeTarget;
			buildConfigurationList = D99AEF9E26253C450037C577 /* Build configuration list for PBXNativeTarget "Photorama" */;
			buildPhases = (
				D99AEF8626253C420037C577 /* Sources */,
				D99AEF8726253C420037C577 /* Frameworks */,
				D99AEF8826253C420037C577 /* Resources */,
			);
			buildRules = (
			);
			dependencies = (
			);
			name = Photorama;
			productName = Photorama;
			productReference = D99AEF8A26253C420037C577 /* Photorama.app */;
			productType = "com.apple.product-type.application";
		};
/* End PBXNativeTarget section */

/* Begin PBXProject section */
		D99AEF8226253C420037C577 /* Project object */ = {
			isa = PBXProject;
			attributes = {
				LastSwiftUpdateCheck = 1240;
				LastUpgradeCheck = 1240;
				TargetAttributes = {
					D99AEF8926253C420037C577 = {
						CreatedOnToolsVersion = 12.4;
					};
				};
			};
			buildConfigurationList = D99AEF8526253C420037C577 /* Build configuration list for PBXProject "Photorama" */;
			compatibilityVersion = "Xcode 9.3";
			developmentRegion = en;
			hasScannedForEncodings = 0;
			knownRegions = (
				en,
				Base,
			);
			mainGroup = D99AEF8126253C420037C577;
			productRefGroup = D99AEF8B26253C420037C577 /* Products */;
			projectDirPath = "";
			projectRoot = "";
			targets = (
				D99AEF8926253C420037C577 /* Photorama */,
			);
		};
/* End PBXProject section */

/* Begin PBXResourcesBuildPhase section */
		D99AEF8826253C420037C577 /* Resources */ = {
			isa = PBXResourcesBuildPhase;
			buildActionMask = 2147483647;
			files = (
				D99AEF9A26253C450037C577 /* LaunchScreen.storyboard in Resources */,
				D99AEF9726253C450037C577 /* Assets.xcassets in Resources */,
				D99AEF9526253C420037C577 /* Main.storyboard in Resources */,
			);
			runOnlyForDeploymentPostprocessing = 0;
		};
/* End PBXResourcesBuildPhase section */

/* Begin PBXSourcesBuildPhase section */
		D99AEF8626253C420037C577 /* Sources */ = {
			isa = PBXSourcesBuildPhase;
			buildActionMask = 2147483647;
			files = (
				D99AEFAE262557620037C577 /* Photo.swift in Sources */,
				D99AEFB9262578FB0037C577 /* PhotoCollectionViewCell.swift in Sources */,
				D99AEFB62625727A0037C577 /* PhotoDataSource.swift in Sources */,
				D99AEFAB262551700037C577 /* PhotoStore.swift in Sources */,
				D99AEF8E26253C420037C577 /* AppDelegate.swift in Sources */,
				D979299F2625852A005E6D88 /* PhotoDelegateFlowLayout.swift in Sources */,
				D99AEF9026253C420037C577 /* SceneDelegate.swift in Sources */,
				D99AEFA7262548980037C577 /* FlickrAPI.swift in Sources */,
				D99AEFA426253D4C0037C577 /* PhotoViewController.swift in Sources */,
			);
			runOnlyForDeploymentPostprocessing = 0;
		};
/* End PBXSourcesBuildPhase section */

/* Begin PBXVariantGroup section */
		D99AEF9326253C420037C577 /* Main.storyboard */ = {
			isa = PBXVariantGroup;
			children = (
				D99AEF9426253C420037C577 /* Base */,
			);
			name = Main.storyboard;
			sourceTree = "<group>";
		};
		D99AEF9826253C450037C577 /* LaunchScreen.storyboard */ = {
			isa = PBXVariantGroup;
			children = (
				D99AEF9926253C450037C577 /* Base */,
			);
			name = LaunchScreen.storyboard;
			sourceTree = "<group>";
		};
/* End PBXVariantGroup section */

/* Begin XCBuildConfiguration section */
		D99AEF9C26253C450037C577 /* Debug */ = {
			isa = XCBuildConfiguration;
			buildSettings = {
				ALWAYS_SEARCH_USER_PATHS = NO;
				CLANG_ANALYZER_NONNULL = YES;
				CLANG_ANALYZER_NUMBER_OBJECT_CONVERSION = YES_AGGRESSIVE;
				CLANG_CXX_LANGUAGE_STANDARD = "gnu++14";
				CLANG_CXX_LIBRARY = "libc++";
				CLANG_ENABLE_MODULES = YES;
				CLANG_ENABLE_OBJC_ARC = YES;
				CLANG_ENABLE_OBJC_WEAK = YES;
				CLANG_WARN_BLOCK_CAPTURE_AUTORELEASING = YES;
				CLANG_WARN_BOOL_CONVERSION = YES;
				CLANG_WARN_COMMA = YES;
				CLANG_WARN_CONSTANT_CONVERSION = YES;
				CLANG_WARN_DEPRECATED_OBJC_IMPLEMENTATIONS = YES;
				CLANG_WARN_DIRECT_OBJC_ISA_USAGE = YES_ERROR;
				CLANG_WARN_DOCUMENTATION_COMMENTS = YES;
				CLANG_WARN_EMPTY_BODY = YES;
				CLANG_WARN_ENUM_CONVERSION = YES;
				CLANG_WARN_INFINITE_RECURSION = YES;
				CLANG_WARN_INT_CONVERSION = YES;
				CLANG_WARN_NON_LITERAL_NULL_CONVERSION = YES;
				CLANG_WARN_OBJC_IMPLICIT_RETAIN_SELF = YES;
				CLANG_WARN_OBJC_LITERAL_CONVERSION = YES;
				CLANG_WARN_OBJC_ROOT_CLASS = YES_ERROR;
				CLANG_WARN_QUOTED_INCLUDE_IN_FRAMEWORK_HEADER = YES;
				CLANG_WARN_RANGE_LOOP_ANALYSIS = YES;
				CLANG_WARN_STRICT_PROTOTYPES = YES;
				CLANG_WARN_SUSPICIOUS_MOVE = YES;
				CLANG_WARN_UNGUARDED_AVAILABILITY = YES_AGGRESSIVE;
				CLANG_WARN_UNREACHABLE_CODE = YES;
				CLANG_WARN__DUPLICATE_METHOD_MATCH = YES;
				COPY_PHASE_STRIP = NO;
				DEBUG_INFORMATION_FORMAT = dwarf;
				ENABLE_STRICT_OBJC_MSGSEND = YES;
				ENABLE_TESTABILITY = YES;
				GCC_C_LANGUAGE_STANDARD = gnu11;
				GCC_DYNAMIC_NO_PIC = NO;
				GCC_NO_COMMON_BLOCKS = YES;
				GCC_OPTIMIZATION_LEVEL = 0;
				GCC_PREPROCESSOR_DEFINITIONS = (
					"DEBUG=1",
					"$(inherited)",
				);
				GCC_WARN_64_TO_32_BIT_CONVERSION = YES;
				GCC_WARN_ABOUT_RETURN_TYPE = YES_ERROR;
				GCC_WARN_UNDECLARED_SELECTOR = YES;
				GCC_WARN_UNINITIALIZED_AUTOS = YES_AGGRESSIVE;
				GCC_WARN_UNUSED_FUNCTION = YES;
				GCC_WARN_UNUSED_VARIABLE = YES;
				IPHONEOS_DEPLOYMENT_TARGET = 14.4;
				MTL_ENABLE_DEBUG_INFO = INCLUDE_SOURCE;
				MTL_FAST_MATH = YES;
				ONLY_ACTIVE_ARCH = YES;
				SDKROOT = iphoneos;
				SWIFT_ACTIVE_COMPILATION_CONDITIONS = DEBUG;
				SWIFT_OPTIMIZATION_LEVEL = "-Onone";
			};
			name = Debug;
		};
		D99AEF9D26253C450037C577 /* Release */ = {
			isa = XCBuildConfiguration;
			buildSettings = {
				ALWAYS_SEARCH_USER_PATHS = NO;
				CLANG_ANALYZER_NONNULL = YES;
				CLANG_ANALYZER_NUMBER_OBJECT_CONVERSION = YES_AGGRESSIVE;
				CLANG_CXX_LANGUAGE_STANDARD = "gnu++14";
				CLANG_CXX_LIBRARY = "libc++";
				CLANG_ENABLE_MODULES = YES;
				CLANG_ENABLE_OBJC_ARC = YES;
				CLANG_ENABLE_OBJC_WEAK = YES;
				CLANG_WARN_BLOCK_CAPTURE_AUTORELEASING = YES;
				CLANG_WARN_BOOL_CONVERSION = YES;
				CLANG_WARN_COMMA = YES;
				CLANG_WARN_CONSTANT_CONVERSION = YES;
				CLANG_WARN_DEPRECATED_OBJC_IMPLEMENTATIONS = YES;
				CLANG_WARN_DIRECT_OBJC_ISA_USAGE = YES_ERROR;
				CLANG_WARN_DOCUMENTATION_COMMENTS = YES;
				CLANG_WARN_EMPTY_BODY = YES;
				CLANG_WARN_ENUM_CONVERSION = YES;
				CLANG_WARN_INFINITE_RECURSION = YES;
				CLANG_WARN_INT_CONVERSION = YES;
				CLANG_WARN_NON_LITERAL_NULL_CONVERSION = YES;
				CLANG_WARN_OBJC_IMPLICIT_RETAIN_SELF = YES;
				CLANG_WARN_OBJC_LITERAL_CONVERSION = YES;
				CLANG_WARN_OBJC_ROOT_CLASS = YES_ERROR;
				CLANG_WARN_QUOTED_INCLUDE_IN_FRAMEWORK_HEADER = YES;
				CLANG_WARN_RANGE_LOOP_ANALYSIS = YES;
				CLANG_WARN_STRICT_PROTOTYPES = YES;
				CLANG_WARN_SUSPICIOUS_MOVE = YES;
				CLANG_WARN_UNGUARDED_AVAILABILITY = YES_AGGRESSIVE;
				CLANG_WARN_UNREACHABLE_CODE = YES;
				CLANG_WARN__DUPLICATE_METHOD_MATCH = YES;
				COPY_PHASE_STRIP = NO;
				DEBUG_INFORMATION_FORMAT = "dwarf-with-dsym";
				ENABLE_NS_ASSERTIONS = NO;
				ENABLE_STRICT_OBJC_MSGSEND = YES;
				GCC_C_LANGUAGE_STANDARD = gnu11;
				GCC_NO_COMMON_BLOCKS = YES;
				GCC_WARN_64_TO_32_BIT_CONVERSION = YES;
				GCC_WARN_ABOUT_RETURN_TYPE = YES_ERROR;
				GCC_WARN_UNDECLARED_SELECTOR = YES;
				GCC_WARN_UNINITIALIZED_AUTOS = YES_AGGRESSIVE;
				GCC_WARN_UNUSED_FUNCTION = YES;
				GCC_WARN_UNUSED_VARIABLE = YES;
				IPHONEOS_DEPLOYMENT_TARGET = 14.4;
				MTL_ENABLE_DEBUG_INFO = NO;
				MTL_FAST_MATH = YES;
				SDKROOT = iphoneos;
				SWIFT_COMPILATION_MODE = wholemodule;
				SWIFT_OPTIMIZATION_LEVEL = "-O";
				VALIDATE_PRODUCT = YES;
			};
			name = Release;
		};
		D99AEF9F26253C450037C577 /* Debug */ = {
			isa = XCBuildConfiguration;
			buildSettings = {
				ASSETCATALOG_COMPILER_APPICON_NAME = AppIcon;
				ASSETCATALOG_COMPILER_GLOBAL_ACCENT_COLOR_NAME = AccentColor;
				CODE_SIGN_STYLE = Automatic;
				INFOPLIST_FILE = Photorama/Info.plist;
				LD_RUNPATH_SEARCH_PATHS = (
					"$(inherited)",
					"@executable_path/Frameworks",
				);
				PRODUCT_BUNDLE_IDENTIFIER = com.nhn.Photorama;
				PRODUCT_NAME = "$(TARGET_NAME)";
				SWIFT_VERSION = 5.0;
				TARGETED_DEVICE_FAMILY = "1,2";
			};
			name = Debug;
		};
		D99AEFA026253C450037C577 /* Release */ = {
			isa = XCBuildConfiguration;
			buildSettings = {
				ASSETCATALOG_COMPILER_APPICON_NAME = AppIcon;
				ASSETCATALOG_COMPILER_GLOBAL_ACCENT_COLOR_NAME = AccentColor;
				CODE_SIGN_STYLE = Automatic;
				INFOPLIST_FILE = Photorama/Info.plist;
				LD_RUNPATH_SEARCH_PATHS = (
					"$(inherited)",
					"@executable_path/Frameworks",
				);
				PRODUCT_BUNDLE_IDENTIFIER = com.nhn.Photorama;
				PRODUCT_NAME = "$(TARGET_NAME)";
				SWIFT_VERSION = 5.0;
				TARGETED_DEVICE_FAMILY = "1,2";
			};
			name = Release;
		};
/* End XCBuildConfiguration section */

/* Begin XCConfigurationList section */
		D99AEF8526253C420037C577 /* Build configuration list for PBXProject "Photorama" */ = {
			isa = XCConfigurationList;
			buildConfigurations = (
				D99AEF9C26253C450037C577 /* Debug */,
				D99AEF9D26253C450037C577 /* Release */,
			);
			defaultConfigurationIsVisible = 0;
			defaultConfigurationName = Release;
		};
		D99AEF9E26253C450037C577 /* Build configuration list for PBXNativeTarget "Photorama" */ = {
			isa = XCConfigurationList;
			buildConfigurations = (
				D99AEF9F26253C450037C577 /* Debug */,
				D99AEFA026253C450037C577 /* Release */,
			);
			defaultConfigurationIsVisible = 0;
			defaultConfigurationName = Release;
		};
/* End XCConfigurationList section */
	};
	rootObject = D99AEF8226253C420037C577 /* Project object */;
}
