// !$*UTF8*$!
{
	archiveVersion = 1;
	classes = {
	};
	objectVersion = 50;
	objects = {

/* Begin PBXBuildFile section */
		D97929CC2628289B005E6D88 /* AppDelegate.swift in Sources */ = {isa = PBXBuildFile; fileRef = D97929CB2628289B005E6D88 /* AppDelegate.swift */; };
		D97929CE2628289B005E6D88 /* SceneDelegate.swift in Sources */ = {isa = PBXBuildFile; fileRef = D97929CD2628289B005E6D88 /* SceneDelegate.swift */; };
		D97929D32628289B005E6D88 /* Main.storyboard in Resources */ = {isa = PBXBuildFile; fileRef = D97929D12628289B005E6D88 /* Main.storyboard */; };
		D97929D52628289D005E6D88 /* Assets.xcassets in Resources */ = {isa = PBXBuildFile; fileRef = D97929D42628289D005E6D88 /* Assets.xcassets */; };
		D97929D82628289D005E6D88 /* LaunchScreen.storyboard in Resources */ = {isa = PBXBuildFile; fileRef = D97929D62628289D005E6D88 /* LaunchScreen.storyboard */; };
		D97929E2262828F7005E6D88 /* BookRecommendTableViewController.swift in Sources */ = {isa = PBXBuildFile; fileRef = D97929E1262828F7005E6D88 /* BookRecommendTableViewController.swift */; };
		D97929E52628328E005E6D88 /* StandSlidingCell.swift in Sources */ = {isa = PBXBuildFile; fileRef = D97929E42628328E005E6D88 /* StandSlidingCell.swift */; };
		D9792A5E262934DB005E6D88 /* StandCollectionViewCellData.swift in Sources */ = {isa = PBXBuildFile; fileRef = D9792A5D262934DB005E6D88 /* StandCollectionViewCellData.swift */; };
		D9792A6126293575005E6D88 /* ServerDataSourceStore.swift in Sources */ = {isa = PBXBuildFile; fileRef = D9792A6026293575005E6D88 /* ServerDataSourceStore.swift */; };
		D9792A6A2629A0A4005E6D88 /* BookCollectionTypeACell.swift in Sources */ = {isa = PBXBuildFile; fileRef = D9792A692629A0A4005E6D88 /* BookCollectionTypeACell.swift */; };
		D9792A6D2629A352005E6D88 /* CollectionTypeAViewCell.swift in Sources */ = {isa = PBXBuildFile; fileRef = D9792A6C2629A352005E6D88 /* CollectionTypeAViewCell.swift */; };
		D9792A702629FBCA005E6D88 /* BookGuideCell.swift in Sources */ = {isa = PBXBuildFile; fileRef = D9792A6F2629FBCA005E6D88 /* BookGuideCell.swift */; };
		D9792A732629FDC6005E6D88 /* BookGuideData.swift in Sources */ = {isa = PBXBuildFile; fileRef = D9792A722629FDC6005E6D88 /* BookGuideData.swift */; };
		D9792A93262D4A27005E6D88 /* StandCollectionViewCell.swift in Sources */ = {isa = PBXBuildFile; fileRef = D9792A92262D4A27005E6D88 /* StandCollectionViewCell.swift */; };
		D9792A99262D4BA9005E6D88 /* ButtonNavigationCell.swift in Sources */ = {isa = PBXBuildFile; fileRef = D9792A98262D4BA9005E6D88 /* ButtonNavigationCell.swift */; };
		D986272A26316058004DA868 /* BookScrollCell.swift in Sources */ = {isa = PBXBuildFile; fileRef = D986272926316058004DA868 /* BookScrollCell.swift */; };
		D986272D2631605F004DA868 /* BookScrollData.swift in Sources */ = {isa = PBXBuildFile; fileRef = D986272C2631605F004DA868 /* BookScrollData.swift */; };
		D986273026316076004DA868 /* ScrollTypeBViewCell.xib in Resources */ = {isa = PBXBuildFile; fileRef = D986272F26316076004DA868 /* ScrollTypeBViewCell.xib */; };
		D986273326316083004DA868 /* ScrollTypeCViewCell.xib in Resources */ = {isa = PBXBuildFile; fileRef = D986273226316083004DA868 /* ScrollTypeCViewCell.xib */; };
		D986273626316091004DA868 /* ScrollTypeBViewCell.swift in Sources */ = {isa = PBXBuildFile; fileRef = D986273526316091004DA868 /* ScrollTypeBViewCell.swift */; };
		D9862739263160A1004DA868 /* ScrollTypeBViewCellData.swift in Sources */ = {isa = PBXBuildFile; fileRef = D9862738263160A1004DA868 /* ScrollTypeBViewCellData.swift */; };
		D986273F263160EE004DA868 /* ScrollTypeCViewCell.swift in Sources */ = {isa = PBXBuildFile; fileRef = D986273E263160EE004DA868 /* ScrollTypeCViewCell.swift */; };
		D9862743263160F3004DA868 /* ScrollTypeCViewCellData.swift in Sources */ = {isa = PBXBuildFile; fileRef = D9862742263160F3004DA868 /* ScrollTypeCViewCellData.swift */; };
		D98628172633E353004DA868 /* UIPagingScrollView.swift in Sources */ = {isa = PBXBuildFile; fileRef = D98628162633E353004DA868 /* UIPagingScrollView.swift */; };
		D986281B2633E415004DA868 /* UIPagingScrollViewCell.swift in Sources */ = {isa = PBXBuildFile; fileRef = D986281A2633E415004DA868 /* UIPagingScrollViewCell.swift */; };
		D986281F2633E420004DA868 /* UIPagingScrollDataSource.swift in Sources */ = {isa = PBXBuildFile; fileRef = D986281E2633E420004DA868 /* UIPagingScrollDataSource.swift */; };
		D98628292633E6BE004DA868 /* UIPagingScrollView.xib in Resources */ = {isa = PBXBuildFile; fileRef = D98628282633E6BE004DA868 /* UIPagingScrollView.xib */; };
		D986282E263401FE004DA868 /* ReusableView.swift in Sources */ = {isa = PBXBuildFile; fileRef = D986282D263401FE004DA868 /* ReusableView.swift */; };
		D9862831263406A4004DA868 /* UIpagingScrollViewLayoutDelegate.swift in Sources */ = {isa = PBXBuildFile; fileRef = D9862830263406A4004DA868 /* UIpagingScrollViewLayoutDelegate.swift */; };
		D99087E8262D71850031ABAB /* BookRecommendationCellData.swift in Sources */ = {isa = PBXBuildFile; fileRef = D99087E7262D71850031ABAB /* BookRecommendationCellData.swift */; };
		D99087EC262D71E10031ABAB /* BookCollectionTypeAData.swift in Sources */ = {isa = PBXBuildFile; fileRef = D99087EB262D71E10031ABAB /* BookCollectionTypeAData.swift */; };
		D9EC9568262FB02A00BF7519 /* ButtonNavigationCellData.swift in Sources */ = {isa = PBXBuildFile; fileRef = D9EC9567262FB02A00BF7519 /* ButtonNavigationCellData.swift */; };
		D9EC957C262FCFF300BF7519 /* CollectionTypeAViewCellData.swift in Sources */ = {isa = PBXBuildFile; fileRef = D9EC957B262FCFF300BF7519 /* CollectionTypeAViewCellData.swift */; };
		D9EC9580262FD5AA00BF7519 /* StandSlidingData.swift in Sources */ = {isa = PBXBuildFile; fileRef = D9EC957F262FD5AA00BF7519 /* StandSlidingData.swift */; };
		D9EC9584262FD99800BF7519 /* ServerIdentifierParser.swift in Sources */ = {isa = PBXBuildFile; fileRef = D9EC9583262FD99800BF7519 /* ServerIdentifierParser.swift */; };
		D9EC958B262FDE8700BF7519 /* ServerDataStore.swift in Sources */ = {isa = PBXBuildFile; fileRef = D9EC958A262FDE8700BF7519 /* ServerDataStore.swift */; };
		D9EC958E2630048600BF7519 /* NavigationButton.xib in Resources */ = {isa = PBXBuildFile; fileRef = D9EC958D2630048600BF7519 /* NavigationButton.xib */; };
		D9EC9592263009B400BF7519 /* NavigationButton.swift in Sources */ = {isa = PBXBuildFile; fileRef = D9EC9591263009B400BF7519 /* NavigationButton.swift */; };
		D9EC959526300A3500BF7519 /* NavigationButtonData.swift in Sources */ = {isa = PBXBuildFile; fileRef = D9EC959426300A3500BF7519 /* NavigationButtonData.swift */; };
		D9EC95982630F84100BF7519 /* ImageLoader.swift in Sources */ = {isa = PBXBuildFile; fileRef = D9EC95972630F84100BF7519 /* ImageLoader.swift */; };
		D9EC959B263142B200BF7519 /* BookScrapCell.swift in Sources */ = {isa = PBXBuildFile; fileRef = D9EC959A263142B200BF7519 /* BookScrapCell.swift */; };
		D9EC95A0263142FE00BF7519 /* BookScrapData.swift in Sources */ = {isa = PBXBuildFile; fileRef = D9EC959F263142FE00BF7519 /* BookScrapData.swift */; };
/* End PBXBuildFile section */

/* Begin PBXFileReference section */
		D97929C82628289B005E6D88 /* IamSchoolBookRecommend.app */ = {isa = PBXFileReference; explicitFileType = wrapper.application; includeInIndex = 0; path = IamSchoolBookRecommend.app; sourceTree = BUILT_PRODUCTS_DIR; };
		D97929CB2628289B005E6D88 /* AppDelegate.swift */ = {isa = PBXFileReference; lastKnownFileType = sourcecode.swift; path = AppDelegate.swift; sourceTree = "<group>"; };
		D97929CD2628289B005E6D88 /* SceneDelegate.swift */ = {isa = PBXFileReference; lastKnownFileType = sourcecode.swift; path = SceneDelegate.swift; sourceTree = "<group>"; };
		D97929D22628289B005E6D88 /* Base */ = {isa = PBXFileReference; lastKnownFileType = file.storyboard; name = Base; path = Base.lproj/Main.storyboard; sourceTree = "<group>"; };
		D97929D42628289D005E6D88 /* Assets.xcassets */ = {isa = PBXFileReference; lastKnownFileType = folder.assetcatalog; path = Assets.xcassets; sourceTree = "<group>"; };
		D97929D72628289D005E6D88 /* Base */ = {isa = PBXFileReference; lastKnownFileType = file.storyboard; name = Base; path = Base.lproj/LaunchScreen.storyboard; sourceTree = "<group>"; };
		D97929D92628289D005E6D88 /* Info.plist */ = {isa = PBXFileReference; lastKnownFileType = text.plist.xml; name = Info.plist; path = iamSchoolBookRecommend/Info.plist; sourceTree = SOURCE_ROOT; };
		D97929E1262828F7005E6D88 /* BookRecommendTableViewController.swift */ = {isa = PBXFileReference; lastKnownFileType = sourcecode.swift; path = BookRecommendTableViewController.swift; sourceTree = "<group>"; };
		D97929E42628328E005E6D88 /* StandSlidingCell.swift */ = {isa = PBXFileReference; lastKnownFileType = sourcecode.swift; path = StandSlidingCell.swift; sourceTree = "<group>"; };
		D9792A5D262934DB005E6D88 /* StandCollectionViewCellData.swift */ = {isa = PBXFileReference; lastKnownFileType = sourcecode.swift; path = StandCollectionViewCellData.swift; sourceTree = "<group>"; };
		D9792A6026293575005E6D88 /* ServerDataSourceStore.swift */ = {isa = PBXFileReference; lastKnownFileType = sourcecode.swift; path = ServerDataSourceStore.swift; sourceTree = "<group>"; };
		D9792A692629A0A4005E6D88 /* BookCollectionTypeACell.swift */ = {isa = PBXFileReference; lastKnownFileType = sourcecode.swift; path = BookCollectionTypeACell.swift; sourceTree = "<group>"; };
		D9792A6C2629A352005E6D88 /* CollectionTypeAViewCell.swift */ = {isa = PBXFileReference; lastKnownFileType = sourcecode.swift; path = CollectionTypeAViewCell.swift; sourceTree = "<group>"; };
		D9792A6F2629FBCA005E6D88 /* BookGuideCell.swift */ = {isa = PBXFileReference; lastKnownFileType = sourcecode.swift; path = BookGuideCell.swift; sourceTree = "<group>"; };
		D9792A722629FDC6005E6D88 /* BookGuideData.swift */ = {isa = PBXFileReference; lastKnownFileType = sourcecode.swift; path = BookGuideData.swift; sourceTree = "<group>"; };
		D9792A92262D4A27005E6D88 /* StandCollectionViewCell.swift */ = {isa = PBXFileReference; lastKnownFileType = sourcecode.swift; path = StandCollectionViewCell.swift; sourceTree = "<group>"; };
		D9792A98262D4BA9005E6D88 /* ButtonNavigationCell.swift */ = {isa = PBXFileReference; lastKnownFileType = sourcecode.swift; path = ButtonNavigationCell.swift; sourceTree = "<group>"; };
		D986272926316058004DA868 /* BookScrollCell.swift */ = {isa = PBXFileReference; lastKnownFileType = sourcecode.swift; path = BookScrollCell.swift; sourceTree = "<group>"; };
		D986272C2631605F004DA868 /* BookScrollData.swift */ = {isa = PBXFileReference; lastKnownFileType = sourcecode.swift; path = BookScrollData.swift; sourceTree = "<group>"; };
		D986272F26316076004DA868 /* ScrollTypeBViewCell.xib */ = {isa = PBXFileReference; lastKnownFileType = file.xib; path = ScrollTypeBViewCell.xib; sourceTree = "<group>"; };
		D986273226316083004DA868 /* ScrollTypeCViewCell.xib */ = {isa = PBXFileReference; lastKnownFileType = file.xib; path = ScrollTypeCViewCell.xib; sourceTree = "<group>"; };
		D986273526316091004DA868 /* ScrollTypeBViewCell.swift */ = {isa = PBXFileReference; lastKnownFileType = sourcecode.swift; path = ScrollTypeBViewCell.swift; sourceTree = "<group>"; };
		D9862738263160A1004DA868 /* ScrollTypeBViewCellData.swift */ = {isa = PBXFileReference; lastKnownFileType = sourcecode.swift; path = ScrollTypeBViewCellData.swift; sourceTree = "<group>"; };
		D986273E263160EE004DA868 /* ScrollTypeCViewCell.swift */ = {isa = PBXFileReference; lastKnownFileType = sourcecode.swift; path = ScrollTypeCViewCell.swift; sourceTree = "<group>"; };
		D9862742263160F3004DA868 /* ScrollTypeCViewCellData.swift */ = {isa = PBXFileReference; lastKnownFileType = sourcecode.swift; path = ScrollTypeCViewCellData.swift; sourceTree = "<group>"; };
		D98628162633E353004DA868 /* UIPagingScrollView.swift */ = {isa = PBXFileReference; lastKnownFileType = sourcecode.swift; path = UIPagingScrollView.swift; sourceTree = "<group>"; };
		D986281A2633E415004DA868 /* UIPagingScrollViewCell.swift */ = {isa = PBXFileReference; lastKnownFileType = sourcecode.swift; path = UIPagingScrollViewCell.swift; sourceTree = "<group>"; };
		D986281E2633E420004DA868 /* UIPagingScrollDataSource.swift */ = {isa = PBXFileReference; lastKnownFileType = sourcecode.swift; path = UIPagingScrollDataSource.swift; sourceTree = "<group>"; };
		D98628282633E6BE004DA868 /* UIPagingScrollView.xib */ = {isa = PBXFileReference; lastKnownFileType = file.xib; path = UIPagingScrollView.xib; sourceTree = "<group>"; };
		D986282D263401FE004DA868 /* ReusableView.swift */ = {isa = PBXFileReference; lastKnownFileType = sourcecode.swift; path = ReusableView.swift; sourceTree = "<group>"; };
		D9862830263406A4004DA868 /* UIpagingScrollViewLayoutDelegate.swift */ = {isa = PBXFileReference; lastKnownFileType = sourcecode.swift; path = UIpagingScrollViewLayoutDelegate.swift; sourceTree = "<group>"; };
		D99087E7262D71850031ABAB /* BookRecommendationCellData.swift */ = {isa = PBXFileReference; lastKnownFileType = sourcecode.swift; path = BookRecommendationCellData.swift; sourceTree = "<group>"; };
		D99087EB262D71E10031ABAB /* BookCollectionTypeAData.swift */ = {isa = PBXFileReference; lastKnownFileType = sourcecode.swift; path = BookCollectionTypeAData.swift; sourceTree = "<group>"; };
		D9EC9567262FB02A00BF7519 /* ButtonNavigationCellData.swift */ = {isa = PBXFileReference; lastKnownFileType = sourcecode.swift; path = ButtonNavigationCellData.swift; sourceTree = "<group>"; };
		D9EC957B262FCFF300BF7519 /* CollectionTypeAViewCellData.swift */ = {isa = PBXFileReference; lastKnownFileType = sourcecode.swift; path = CollectionTypeAViewCellData.swift; sourceTree = "<group>"; };
		D9EC957F262FD5AA00BF7519 /* StandSlidingData.swift */ = {isa = PBXFileReference; lastKnownFileType = sourcecode.swift; path = StandSlidingData.swift; sourceTree = "<group>"; };
		D9EC9583262FD99800BF7519 /* ServerIdentifierParser.swift */ = {isa = PBXFileReference; lastKnownFileType = sourcecode.swift; path = ServerIdentifierParser.swift; sourceTree = "<group>"; };
		D9EC958A262FDE8700BF7519 /* ServerDataStore.swift */ = {isa = PBXFileReference; lastKnownFileType = sourcecode.swift; path = ServerDataStore.swift; sourceTree = "<group>"; };
		D9EC958D2630048600BF7519 /* NavigationButton.xib */ = {isa = PBXFileReference; lastKnownFileType = file.xib; path = NavigationButton.xib; sourceTree = "<group>"; };
		D9EC9591263009B400BF7519 /* NavigationButton.swift */ = {isa = PBXFileReference; lastKnownFileType = sourcecode.swift; path = NavigationButton.swift; sourceTree = "<group>"; };
		D9EC959426300A3500BF7519 /* NavigationButtonData.swift */ = {isa = PBXFileReference; lastKnownFileType = sourcecode.swift; path = NavigationButtonData.swift; sourceTree = "<group>"; };
		D9EC95972630F84100BF7519 /* ImageLoader.swift */ = {isa = PBXFileReference; lastKnownFileType = sourcecode.swift; path = ImageLoader.swift; sourceTree = "<group>"; };
		D9EC959A263142B200BF7519 /* BookScrapCell.swift */ = {isa = PBXFileReference; lastKnownFileType = sourcecode.swift; path = BookScrapCell.swift; sourceTree = "<group>"; };
		D9EC959F263142FE00BF7519 /* BookScrapData.swift */ = {isa = PBXFileReference; lastKnownFileType = sourcecode.swift; path = BookScrapData.swift; sourceTree = "<group>"; };
/* End PBXFileReference section */

/* Begin PBXFrameworksBuildPhase section */
		D97929C52628289B005E6D88 /* Frameworks */ = {
			isa = PBXFrameworksBuildPhase;
			buildActionMask = 2147483647;
			files = (
			);
			runOnlyForDeploymentPostprocessing = 0;
		};
/* End PBXFrameworksBuildPhase section */

/* Begin PBXGroup section */
		D97929BF2628289B005E6D88 = {
			isa = PBXGroup;
			children = (
				D97929CA2628289B005E6D88 /* IamSchoolBookRecommend */,
				D97929C92628289B005E6D88 /* Products */,
			);
			sourceTree = "<group>";
		};
		D97929C92628289B005E6D88 /* Products */ = {
			isa = PBXGroup;
			children = (
				D97929C82628289B005E6D88 /* IamSchoolBookRecommend.app */,
			);
			name = Products;
			sourceTree = "<group>";
		};
		D97929CA2628289B005E6D88 /* IamSchoolBookRecommend */ = {
			isa = PBXGroup;
			children = (
				D9792A87262D42E0005E6D88 /* bookRecommend */,
				D97929CB2628289B005E6D88 /* AppDelegate.swift */,
				D97929CD2628289B005E6D88 /* SceneDelegate.swift */,
				D97929D12628289B005E6D88 /* Main.storyboard */,
				D97929D42628289D005E6D88 /* Assets.xcassets */,
				D97929D62628289D005E6D88 /* LaunchScreen.storyboard */,
				D97929D92628289D005E6D88 /* Info.plist */,
			);
			path = IamSchoolBookRecommend;
			sourceTree = "<group>";
		};
		D9792A7B262D3DE1005E6D88 /* dto */ = {
			isa = PBXGroup;
			children = (
				D9792A6026293575005E6D88 /* ServerDataSourceStore.swift */,
				D99087E7262D71850031ABAB /* BookRecommendationCellData.swift */,
			);
			path = dto;
			sourceTree = "<group>";
		};
		D9792A87262D42E0005E6D88 /* bookRecommend */ = {
			isa = PBXGroup;
			children = (
				D986272826316048004DA868 /* bookScrollCell */,
				D9EC959D263142B900BF7519 /* scrapBookCell */,
				D9792A8A262D430E005E6D88 /* bookCollectionCellTypeA */,
				D9EC9561262ED00F00BF7519 /* util */,
				D9792A7B262D3DE1005E6D88 /* dto */,
				D9792A97262D4B94005E6D88 /* buttonNavigationCell */,
				D9792A8D262D4350005E6D88 /* bookGuideCell */,
				D9792A88262D42FE005E6D88 /* standSlidingCell */,
				D97929E1262828F7005E6D88 /* BookRecommendTableViewController.swift */,
			);
			path = bookRecommend;
			sourceTree = "<group>";
		};
		D9792A88262D42FE005E6D88 /* standSlidingCell */ = {
			isa = PBXGroup;
			children = (
				D9792A5D262934DB005E6D88 /* StandCollectionViewCellData.swift */,
				D97929E42628328E005E6D88 /* StandSlidingCell.swift */,
				D9792A92262D4A27005E6D88 /* StandCollectionViewCell.swift */,
				D9EC957F262FD5AA00BF7519 /* StandSlidingData.swift */,
			);
			path = standSlidingCell;
			sourceTree = "<group>";
		};
		D9792A8A262D430E005E6D88 /* bookCollectionCellTypeA */ = {
			isa = PBXGroup;
			children = (
				D99087EB262D71E10031ABAB /* BookCollectionTypeAData.swift */,
				D9792A692629A0A4005E6D88 /* BookCollectionTypeACell.swift */,
				D9792A6C2629A352005E6D88 /* CollectionTypeAViewCell.swift */,
				D9EC957B262FCFF300BF7519 /* CollectionTypeAViewCellData.swift */,
			);
			path = bookCollectionCellTypeA;
			sourceTree = "<group>";
		};
		D9792A8D262D4350005E6D88 /* bookGuideCell */ = {
			isa = PBXGroup;
			children = (
				D9792A722629FDC6005E6D88 /* BookGuideData.swift */,
				D9792A6F2629FBCA005E6D88 /* BookGuideCell.swift */,
			);
			path = bookGuideCell;
			sourceTree = "<group>";
		};
		D9792A97262D4B94005E6D88 /* buttonNavigationCell */ = {
			isa = PBXGroup;
			children = (
				D9792A98262D4BA9005E6D88 /* ButtonNavigationCell.swift */,
				D9EC9567262FB02A00BF7519 /* ButtonNavigationCellData.swift */,
				D9EC958D2630048600BF7519 /* NavigationButton.xib */,
				D9EC9591263009B400BF7519 /* NavigationButton.swift */,
				D9EC959426300A3500BF7519 /* NavigationButtonData.swift */,
			);
			path = buttonNavigationCell;
			sourceTree = "<group>";
		};
		D986272826316048004DA868 /* bookScrollCell */ = {
			isa = PBXGroup;
			children = (
				D98628192633E403004DA868 /* pagingScrollView */,
				D986274626316101004DA868 /* scrollTypeC */,
				D9862745263160F9004DA868 /* scrollTypeB */,
				D986272926316058004DA868 /* BookScrollCell.swift */,
				D986272C2631605F004DA868 /* BookScrollData.swift */,
			);
			path = bookScrollCell;
			sourceTree = "<group>";
		};
		D9862745263160F9004DA868 /* scrollTypeB */ = {
			isa = PBXGroup;
			children = (
				D986272F26316076004DA868 /* ScrollTypeBViewCell.xib */,
				D986273526316091004DA868 /* ScrollTypeBViewCell.swift */,
				D9862738263160A1004DA868 /* ScrollTypeBViewCellData.swift */,
			);
			path = scrollTypeB;
			sourceTree = "<group>";
		};
		D986274626316101004DA868 /* scrollTypeC */ = {
			isa = PBXGroup;
			children = (
				D986273226316083004DA868 /* ScrollTypeCViewCell.xib */,
				D986273E263160EE004DA868 /* ScrollTypeCViewCell.swift */,
				D9862742263160F3004DA868 /* ScrollTypeCViewCellData.swift */,
			);
			path = scrollTypeC;
			sourceTree = "<group>";
		};
		D98628192633E403004DA868 /* pagingScrollView */ = {
			isa = PBXGroup;
			children = (
				D98628162633E353004DA868 /* UIPagingScrollView.swift */,
				D98628282633E6BE004DA868 /* UIPagingScrollView.xib */,
				D986281A2633E415004DA868 /* UIPagingScrollViewCell.swift */,
				D986281E2633E420004DA868 /* UIPagingScrollDataSource.swift */,
				D9862830263406A4004DA868 /* UIpagingScrollViewLayoutDelegate.swift */,
				D986282D263401FE004DA868 /* ReusableView.swift */,
			);
			path = pagingScrollView;
			sourceTree = "<group>";
		};
		D9EC9561262ED00F00BF7519 /* util */ = {
			isa = PBXGroup;
			children = (
				D9EC9583262FD99800BF7519 /* ServerIdentifierParser.swift */,
				D9EC958A262FDE8700BF7519 /* ServerDataStore.swift */,
				D9EC95972630F84100BF7519 /* ImageLoader.swift */,
			);
			path = util;
			sourceTree = "<group>";
		};
		D9EC959D263142B900BF7519 /* scrapBookCell */ = {
			isa = PBXGroup;
			children = (
				D9EC959A263142B200BF7519 /* BookScrapCell.swift */,
				D9EC959F263142FE00BF7519 /* BookScrapData.swift */,
			);
			path = scrapBookCell;
			sourceTree = "<group>";
		};
/* End PBXGroup section */

/* Begin PBXNativeTarget section */
		D97929C72628289B005E6D88 /* IamSchoolBookRecommend */ = {
			isa = PBXNativeTarget;
			buildConfigurationList = D97929DC2628289D005E6D88 /* Build configuration list for PBXNativeTarget "IamSchoolBookRecommend" */;
			buildPhases = (
				D97929C42628289B005E6D88 /* Sources */,
				D97929C52628289B005E6D88 /* Frameworks */,
				D97929C62628289B005E6D88 /* Resources */,
			);
			buildRules = (
			);
			dependencies = (
			);
			name = IamSchoolBookRecommend;
			productName = IamSchoolBookRec;
			productReference = D97929C82628289B005E6D88 /* IamSchoolBookRecommend.app */;
			productType = "com.apple.product-type.application";
		};
/* End PBXNativeTarget section */

/* Begin PBXProject section */
		D97929C02628289B005E6D88 /* Project object */ = {
			isa = PBXProject;
			attributes = {
				LastSwiftUpdateCheck = 1240;
				LastUpgradeCheck = 1240;
				TargetAttributes = {
					D97929C72628289B005E6D88 = {
						CreatedOnToolsVersion = 12.4;
					};
				};
			};
			buildConfigurationList = D97929C32628289B005E6D88 /* Build configuration list for PBXProject "IamSchoolBookRecommend" */;
			compatibilityVersion = "Xcode 9.3";
			developmentRegion = en;
			hasScannedForEncodings = 0;
			knownRegions = (
				en,
				Base,
			);
			mainGroup = D97929BF2628289B005E6D88;
			productRefGroup = D97929C92628289B005E6D88 /* Products */;
			projectDirPath = "";
			projectRoot = "";
			targets = (
				D97929C72628289B005E6D88 /* IamSchoolBookRecommend */,
			);
		};
/* End PBXProject section */

/* Begin PBXResourcesBuildPhase section */
		D97929C62628289B005E6D88 /* Resources */ = {
			isa = PBXResourcesBuildPhase;
			buildActionMask = 2147483647;
			files = (
				D986273326316083004DA868 /* ScrollTypeCViewCell.xib in Resources */,
				D97929D82628289D005E6D88 /* LaunchScreen.storyboard in Resources */,
				D9EC958E2630048600BF7519 /* NavigationButton.xib in Resources */,
				D986273026316076004DA868 /* ScrollTypeBViewCell.xib in Resources */,
				D98628292633E6BE004DA868 /* UIPagingScrollView.xib in Resources */,
				D97929D52628289D005E6D88 /* Assets.xcassets in Resources */,
				D97929D32628289B005E6D88 /* Main.storyboard in Resources */,
			);
			runOnlyForDeploymentPostprocessing = 0;
		};
/* End PBXResourcesBuildPhase section */

/* Begin PBXSourcesBuildPhase section */
		D97929C42628289B005E6D88 /* Sources */ = {
			isa = PBXSourcesBuildPhase;
			buildActionMask = 2147483647;
			files = (
				D9EC957C262FCFF300BF7519 /* CollectionTypeAViewCellData.swift in Sources */,
				D97929E2262828F7005E6D88 /* BookRecommendTableViewController.swift in Sources */,
				D9EC9584262FD99800BF7519 /* ServerIdentifierParser.swift in Sources */,
				D9862739263160A1004DA868 /* ScrollTypeBViewCellData.swift in Sources */,
				D9792A732629FDC6005E6D88 /* BookGuideData.swift in Sources */,
				D99087EC262D71E10031ABAB /* BookCollectionTypeAData.swift in Sources */,
				D9EC959526300A3500BF7519 /* NavigationButtonData.swift in Sources */,
				D9862831263406A4004DA868 /* UIpagingScrollViewLayoutDelegate.swift in Sources */,
				D986281F2633E420004DA868 /* UIPagingScrollDataSource.swift in Sources */,
				D97929CC2628289B005E6D88 /* AppDelegate.swift in Sources */,
				D9EC959B263142B200BF7519 /* BookScrapCell.swift in Sources */,
				D9EC958B262FDE8700BF7519 /* ServerDataStore.swift in Sources */,
				D9792A6D2629A352005E6D88 /* CollectionTypeAViewCell.swift in Sources */,
				D986273626316091004DA868 /* ScrollTypeBViewCell.swift in Sources */,
				D9792A93262D4A27005E6D88 /* StandCollectionViewCell.swift in Sources */,
				D9862743263160F3004DA868 /* ScrollTypeCViewCellData.swift in Sources */,
				D9792A702629FBCA005E6D88 /* BookGuideCell.swift in Sources */,
				D98628172633E353004DA868 /* UIPagingScrollView.swift in Sources */,
				D9EC95A0263142FE00BF7519 /* BookScrapData.swift in Sources */,
				D986272D2631605F004DA868 /* BookScrollData.swift in Sources */,
				D9792A6126293575005E6D88 /* ServerDataSourceStore.swift in Sources */,
				D9792A6A2629A0A4005E6D88 /* BookCollectionTypeACell.swift in Sources */,
				D97929CE2628289B005E6D88 /* SceneDelegate.swift in Sources */,
				D9EC9592263009B400BF7519 /* NavigationButton.swift in Sources */,
				D986281B2633E415004DA868 /* UIPagingScrollViewCell.swift in Sources */,
				D986273F263160EE004DA868 /* ScrollTypeCViewCell.swift in Sources */,
				D986282E263401FE004DA868 /* ReusableView.swift in Sources */,
				D9792A99262D4BA9005E6D88 /* ButtonNavigationCell.swift in Sources */,
				D9EC95982630F84100BF7519 /* ImageLoader.swift in Sources */,
				D9792A5E262934DB005E6D88 /* StandCollectionViewCellData.swift in Sources */,
				D99087E8262D71850031ABAB /* BookRecommendationCellData.swift in Sources */,
				D9EC9580262FD5AA00BF7519 /* StandSlidingData.swift in Sources */,
				D97929E52628328E005E6D88 /* StandSlidingCell.swift in Sources */,
				D986272A26316058004DA868 /* BookScrollCell.swift in Sources */,
				D9EC9568262FB02A00BF7519 /* ButtonNavigationCellData.swift in Sources */,
			);
			runOnlyForDeploymentPostprocessing = 0;
		};
/* End PBXSourcesBuildPhase section */

/* Begin PBXVariantGroup section */
		D97929D12628289B005E6D88 /* Main.storyboard */ = {
			isa = PBXVariantGroup;
			children = (
				D97929D22628289B005E6D88 /* Base */,
			);
			name = Main.storyboard;
			sourceTree = "<group>";
		};
		D97929D62628289D005E6D88 /* LaunchScreen.storyboard */ = {
			isa = PBXVariantGroup;
			children = (
				D97929D72628289D005E6D88 /* Base */,
			);
			name = LaunchScreen.storyboard;
			sourceTree = "<group>";
		};
/* End PBXVariantGroup section */

/* Begin XCBuildConfiguration section */
		D97929DA2628289D005E6D88 /* Debug */ = {
			isa = XCBuildConfiguration;
			buildSettings = {
				ALWAYS_SEARCH_USER_PATHS = NO;
				CLANG_ANALYZER_NONNULL = YES;
				CLANG_ANALYZER_NUMBER_OBJECT_CONVERSION = YES_AGGRESSIVE;
				CLANG_CXX_LANGUAGE_STANDARD = "gnu++14";
				CLANG_CXX_LIBRARY = "libc++";
				CLANG_ENABLE_MODULES = YES;
				CLANG_ENABLE_OBJC_ARC = YES;
				CLANG_ENABLE_OBJC_WEAK = YES;
				CLANG_WARN_BLOCK_CAPTURE_AUTORELEASING = YES;
				CLANG_WARN_BOOL_CONVERSION = YES;
				CLANG_WARN_COMMA = YES;
				CLANG_WARN_CONSTANT_CONVERSION = YES;
				CLANG_WARN_DEPRECATED_OBJC_IMPLEMENTATIONS = YES;
				CLANG_WARN_DIRECT_OBJC_ISA_USAGE = YES_ERROR;
				CLANG_WARN_DOCUMENTATION_COMMENTS = YES;
				CLANG_WARN_EMPTY_BODY = YES;
				CLANG_WARN_ENUM_CONVERSION = YES;
				CLANG_WARN_INFINITE_RECURSION = YES;
				CLANG_WARN_INT_CONVERSION = YES;
				CLANG_WARN_NON_LITERAL_NULL_CONVERSION = YES;
				CLANG_WARN_OBJC_IMPLICIT_RETAIN_SELF = YES;
				CLANG_WARN_OBJC_LITERAL_CONVERSION = YES;
				CLANG_WARN_OBJC_ROOT_CLASS = YES_ERROR;
				CLANG_WARN_QUOTED_INCLUDE_IN_FRAMEWORK_HEADER = YES;
				CLANG_WARN_RANGE_LOOP_ANALYSIS = YES;
				CLANG_WARN_STRICT_PROTOTYPES = YES;
				CLANG_WARN_SUSPICIOUS_MOVE = YES;
				CLANG_WARN_UNGUARDED_AVAILABILITY = YES_AGGRESSIVE;
				CLANG_WARN_UNREACHABLE_CODE = YES;
				CLANG_WARN__DUPLICATE_METHOD_MATCH = YES;
				COPY_PHASE_STRIP = NO;
				DEBUG_INFORMATION_FORMAT = dwarf;
				ENABLE_STRICT_OBJC_MSGSEND = YES;
				ENABLE_TESTABILITY = YES;
				GCC_C_LANGUAGE_STANDARD = gnu11;
				GCC_DYNAMIC_NO_PIC = NO;
				GCC_NO_COMMON_BLOCKS = YES;
				GCC_OPTIMIZATION_LEVEL = 0;
				GCC_PREPROCESSOR_DEFINITIONS = (
					"DEBUG=1",
					"$(inherited)",
				);
				GCC_WARN_64_TO_32_BIT_CONVERSION = YES;
				GCC_WARN_ABOUT_RETURN_TYPE = YES_ERROR;
				GCC_WARN_UNDECLARED_SELECTOR = YES;
				GCC_WARN_UNINITIALIZED_AUTOS = YES_AGGRESSIVE;
				GCC_WARN_UNUSED_FUNCTION = YES;
				GCC_WARN_UNUSED_VARIABLE = YES;
				IPHONEOS_DEPLOYMENT_TARGET = 14.4;
				MTL_ENABLE_DEBUG_INFO = INCLUDE_SOURCE;
				MTL_FAST_MATH = YES;
				ONLY_ACTIVE_ARCH = YES;
				SDKROOT = iphoneos;
				SWIFT_ACTIVE_COMPILATION_CONDITIONS = DEBUG;
				SWIFT_OPTIMIZATION_LEVEL = "-Onone";
			};
			name = Debug;
		};
		D97929DB2628289D005E6D88 /* Release */ = {
			isa = XCBuildConfiguration;
			buildSettings = {
				ALWAYS_SEARCH_USER_PATHS = NO;
				CLANG_ANALYZER_NONNULL = YES;
				CLANG_ANALYZER_NUMBER_OBJECT_CONVERSION = YES_AGGRESSIVE;
				CLANG_CXX_LANGUAGE_STANDARD = "gnu++14";
				CLANG_CXX_LIBRARY = "libc++";
				CLANG_ENABLE_MODULES = YES;
				CLANG_ENABLE_OBJC_ARC = YES;
				CLANG_ENABLE_OBJC_WEAK = YES;
				CLANG_WARN_BLOCK_CAPTURE_AUTORELEASING = YES;
				CLANG_WARN_BOOL_CONVERSION = YES;
				CLANG_WARN_COMMA = YES;
				CLANG_WARN_CONSTANT_CONVERSION = YES;
				CLANG_WARN_DEPRECATED_OBJC_IMPLEMENTATIONS = YES;
				CLANG_WARN_DIRECT_OBJC_ISA_USAGE = YES_ERROR;
				CLANG_WARN_DOCUMENTATION_COMMENTS = YES;
				CLANG_WARN_EMPTY_BODY = YES;
				CLANG_WARN_ENUM_CONVERSION = YES;
				CLANG_WARN_INFINITE_RECURSION = YES;
				CLANG_WARN_INT_CONVERSION = YES;
				CLANG_WARN_NON_LITERAL_NULL_CONVERSION = YES;
				CLANG_WARN_OBJC_IMPLICIT_RETAIN_SELF = YES;
				CLANG_WARN_OBJC_LITERAL_CONVERSION = YES;
				CLANG_WARN_OBJC_ROOT_CLASS = YES_ERROR;
				CLANG_WARN_QUOTED_INCLUDE_IN_FRAMEWORK_HEADER = YES;
				CLANG_WARN_RANGE_LOOP_ANALYSIS = YES;
				CLANG_WARN_STRICT_PROTOTYPES = YES;
				CLANG_WARN_SUSPICIOUS_MOVE = YES;
				CLANG_WARN_UNGUARDED_AVAILABILITY = YES_AGGRESSIVE;
				CLANG_WARN_UNREACHABLE_CODE = YES;
				CLANG_WARN__DUPLICATE_METHOD_MATCH = YES;
				COPY_PHASE_STRIP = NO;
				DEBUG_INFORMATION_FORMAT = "dwarf-with-dsym";
				ENABLE_NS_ASSERTIONS = NO;
				ENABLE_STRICT_OBJC_MSGSEND = YES;
				GCC_C_LANGUAGE_STANDARD = gnu11;
				GCC_NO_COMMON_BLOCKS = YES;
				GCC_WARN_64_TO_32_BIT_CONVERSION = YES;
				GCC_WARN_ABOUT_RETURN_TYPE = YES_ERROR;
				GCC_WARN_UNDECLARED_SELECTOR = YES;
				GCC_WARN_UNINITIALIZED_AUTOS = YES_AGGRESSIVE;
				GCC_WARN_UNUSED_FUNCTION = YES;
				GCC_WARN_UNUSED_VARIABLE = YES;
				IPHONEOS_DEPLOYMENT_TARGET = 14.4;
				MTL_ENABLE_DEBUG_INFO = NO;
				MTL_FAST_MATH = YES;
				SDKROOT = iphoneos;
				SWIFT_COMPILATION_MODE = wholemodule;
				SWIFT_OPTIMIZATION_LEVEL = "-O";
				VALIDATE_PRODUCT = YES;
			};
			name = Release;
		};
		D97929DD2628289D005E6D88 /* Debug */ = {
			isa = XCBuildConfiguration;
			buildSettings = {
				ASSETCATALOG_COMPILER_APPICON_NAME = AppIcon;
				ASSETCATALOG_COMPILER_GLOBAL_ACCENT_COLOR_NAME = AccentColor;
				CODE_SIGN_STYLE = Automatic;
				INFOPLIST_FILE = IamSchoolBookRecommend/Info.plist;
				LD_RUNPATH_SEARCH_PATHS = (
					"$(inherited)",
					"@executable_path/Frameworks",
				);
				PRODUCT_BUNDLE_IDENTIFIER = com.nhn.IamSchoolBookRecommend;
				PRODUCT_NAME = "$(TARGET_NAME)";
				SWIFT_VERSION = 5.0;
				TARGETED_DEVICE_FAMILY = "1,2";
			};
			name = Debug;
		};
		D97929DE2628289D005E6D88 /* Release */ = {
			isa = XCBuildConfiguration;
			buildSettings = {
				ASSETCATALOG_COMPILER_APPICON_NAME = AppIcon;
				ASSETCATALOG_COMPILER_GLOBAL_ACCENT_COLOR_NAME = AccentColor;
				CODE_SIGN_STYLE = Automatic;
				INFOPLIST_FILE = IamSchoolBookRecommend/Info.plist;
				LD_RUNPATH_SEARCH_PATHS = (
					"$(inherited)",
					"@executable_path/Frameworks",
				);
				PRODUCT_BUNDLE_IDENTIFIER = com.nhn.IamSchoolBookRecommend;
				PRODUCT_NAME = "$(TARGET_NAME)";
				SWIFT_VERSION = 5.0;
				TARGETED_DEVICE_FAMILY = "1,2";
			};
			name = Release;
		};
/* End XCBuildConfiguration section */

/* Begin XCConfigurationList section */
		D97929C32628289B005E6D88 /* Build configuration list for PBXProject "IamSchoolBookRecommend" */ = {
			isa = XCConfigurationList;
			buildConfigurations = (
				D97929DA2628289D005E6D88 /* Debug */,
				D97929DB2628289D005E6D88 /* Release */,
			);
			defaultConfigurationIsVisible = 0;
			defaultConfigurationName = Release;
		};
		D97929DC2628289D005E6D88 /* Build configuration list for PBXNativeTarget "IamSchoolBookRecommend" */ = {
			isa = XCConfigurationList;
			buildConfigurations = (
				D97929DD2628289D005E6D88 /* Debug */,
				D97929DE2628289D005E6D88 /* Release */,
			);
			defaultConfigurationIsVisible = 0;
			defaultConfigurationName = Release;
		};
/* End XCConfigurationList section */
	};
	rootObject = D97929C02628289B005E6D88 /* Project object */;
}
